// !$*UTF8*$!
{
	archiveVersion = 1;
	classes = {
	};
	objectVersion = 56;
	objects = {

/* Begin PBXBuildFile section */
		AA5178A22AB1E04E00E3CFCA /* NetworkingLogger.swift in Sources */ = {isa = PBXBuildFile; fileRef = AA5178A12AB1E04E00E3CFCA /* NetworkingLogger.swift */; };
		AA77D4A62B4B5EB30024315B /* GoogleService-Info.plist in Resources */ = {isa = PBXBuildFile; fileRef = AA77D4A52B4B5EB30024315B /* GoogleService-Info.plist */; };
		AA7B05852A7292F300A5CECE /* AppDelegate.swift in Sources */ = {isa = PBXBuildFile; fileRef = AA7B05842A7292F300A5CECE /* AppDelegate.swift */; };
		AA7B05892A7292F300A5CECE /* MainViewController.swift in Sources */ = {isa = PBXBuildFile; fileRef = AA7B05882A7292F300A5CECE /* MainViewController.swift */; };
		AA7B058E2A7292F500A5CECE /* Assets.xcassets in Resources */ = {isa = PBXBuildFile; fileRef = AA7B058D2A7292F500A5CECE /* Assets.xcassets */; };
		AA7B05912A7292F500A5CECE /* LaunchScreen.storyboard in Resources */ = {isa = PBXBuildFile; fileRef = AA7B058F2A7292F500A5CECE /* LaunchScreen.storyboard */; };
		AA7B05A22A72941000A5CECE /* DataCep.swift in Sources */ = {isa = PBXBuildFile; fileRef = AA7B05A12A72941000A5CECE /* DataCep.swift */; };
		AA7B05A92A72963E00A5CECE /* MainPresenter.swift in Sources */ = {isa = PBXBuildFile; fileRef = AA7B05A82A72963E00A5CECE /* MainPresenter.swift */; };
		AA7B05AB2A7296E300A5CECE /* MainInteractor.swift in Sources */ = {isa = PBXBuildFile; fileRef = AA7B05AA2A7296E300A5CECE /* MainInteractor.swift */; };
		AA7B05AD2A72978800A5CECE /* MainFactory.swift in Sources */ = {isa = PBXBuildFile; fileRef = AA7B05AC2A72978800A5CECE /* MainFactory.swift */; };
		AA7B05AF2A72988400A5CECE /* MainService.swift in Sources */ = {isa = PBXBuildFile; fileRef = AA7B05AE2A72988400A5CECE /* MainService.swift */; };
		AA7B05B62A729BCF00A5CECE /* HttpMethod.swift in Sources */ = {isa = PBXBuildFile; fileRef = AA7B05B52A729BCF00A5CECE /* HttpMethod.swift */; };
		AA7B05B82A729C5A00A5CECE /* Networking.swift in Sources */ = {isa = PBXBuildFile; fileRef = AA7B05B72A729C5A00A5CECE /* Networking.swift */; };
		AA7B05BA2A729C7000A5CECE /* Request.swift in Sources */ = {isa = PBXBuildFile; fileRef = AA7B05B92A729C7000A5CECE /* Request.swift */; };
		AA7B05BC2A729C7E00A5CECE /* Tasking.swift in Sources */ = {isa = PBXBuildFile; fileRef = AA7B05BB2A729C7E00A5CECE /* Tasking.swift */; };
		AA7B05BE2A729E9600A5CECE /* MainRequest.swift in Sources */ = {isa = PBXBuildFile; fileRef = AA7B05BD2A729E9600A5CECE /* MainRequest.swift */; };
		AA7B05D42A72C3C600A5CECE /* MainInteractorTests.swift in Sources */ = {isa = PBXBuildFile; fileRef = AA7B05D32A72C3C600A5CECE /* MainInteractorTests.swift */; };
		AA7B05D72A72F39400A5CECE /* Dummy.swift in Sources */ = {isa = PBXBuildFile; fileRef = AA7B05D62A72F39400A5CECE /* Dummy.swift */; };
		AA809B122A82E18C000F506D /* NetworkError.swift in Sources */ = {isa = PBXBuildFile; fileRef = AA809B112A82E18C000F506D /* NetworkError.swift */; };
		AA809B142A82E1AE000F506D /* EmptyResponse.swift in Sources */ = {isa = PBXBuildFile; fileRef = AA809B132A82E1AE000F506D /* EmptyResponse.swift */; };
		AA9FD4B42A73046000CA1773 /* MainPresenterTests.swift in Sources */ = {isa = PBXBuildFile; fileRef = AA9FD4B32A73046000CA1773 /* MainPresenterTests.swift */; };
		AAA286C42B9ABEE00007EC2F /* XCTestCase+Extension.swift in Sources */ = {isa = PBXBuildFile; fileRef = AAA286C32B9ABEE00007EC2F /* XCTestCase+Extension.swift */; };
		AAA286C62B9AC9600007EC2F /* NetworkingSpy.swift in Sources */ = {isa = PBXBuildFile; fileRef = AAA286C52B9AC9600007EC2F /* NetworkingSpy.swift */; };
		AAA286C82B9AC98C0007EC2F /* MainServiceSpy.swift in Sources */ = {isa = PBXBuildFile; fileRef = AAA286C72B9AC98C0007EC2F /* MainServiceSpy.swift */; };
		AACC860A2BCA0DB5001E49B8 /* ViaCepUITestsLaunchTests.swift in Sources */ = {isa = PBXBuildFile; fileRef = AACC86092BCA0DB5001E49B8 /* ViaCepUITestsLaunchTests.swift */; };
		AACC86112BCA0EEF001E49B8 /* MainViewUITests.swift in Sources */ = {isa = PBXBuildFile; fileRef = AACC86102BCA0EEF001E49B8 /* MainViewUITests.swift */; };
		AAF24B3E2A74D12A00787C38 /* NSLayout+Extensions.swift in Sources */ = {isa = PBXBuildFile; fileRef = AAF24B3D2A74D12A00787C38 /* NSLayout+Extensions.swift */; };
		AAF24B412A74E5A200787C38 /* MainPresenterSpy.swift in Sources */ = {isa = PBXBuildFile; fileRef = AAF24B402A74E5A200787C38 /* MainPresenterSpy.swift */; };
		AAF24B442A74E60100787C38 /* ServiceMock.swift in Sources */ = {isa = PBXBuildFile; fileRef = AAF24B432A74E60100787C38 /* ServiceMock.swift */; };
		AAF24B462A74E68A00787C38 /* MainViewControllerSpy.swift in Sources */ = {isa = PBXBuildFile; fileRef = AAF24B452A74E68A00787C38 /* MainViewControllerSpy.swift */; };
		AAFDDE352B4B7539009D031D /* MainServiceTests.swift in Sources */ = {isa = PBXBuildFile; fileRef = AAFDDE342B4B7539009D031D /* MainServiceTests.swift */; };
/* End PBXBuildFile section */

/* Begin PBXContainerItemProxy section */
		AA7B05CC2A72C39000A5CECE /* PBXContainerItemProxy */ = {
			isa = PBXContainerItemProxy;
			containerPortal = AA7B05792A7292F300A5CECE /* Project object */;
			proxyType = 1;
			remoteGlobalIDString = AA7B05802A7292F300A5CECE;
			remoteInfo = ViaCep;
		};
		AACC860B2BCA0DB5001E49B8 /* PBXContainerItemProxy */ = {
			isa = PBXContainerItemProxy;
			containerPortal = AA7B05792A7292F300A5CECE /* Project object */;
			proxyType = 1;
			remoteGlobalIDString = AA7B05802A7292F300A5CECE;
			remoteInfo = ViaCep;
		};
/* End PBXContainerItemProxy section */

/* Begin PBXFileReference section */
		AA5178A12AB1E04E00E3CFCA /* NetworkingLogger.swift */ = {isa = PBXFileReference; lastKnownFileType = sourcecode.swift; path = NetworkingLogger.swift; sourceTree = "<group>"; };
		AA77D4A52B4B5EB30024315B /* GoogleService-Info.plist */ = {isa = PBXFileReference; fileEncoding = 4; lastKnownFileType = text.plist.xml; path = "GoogleService-Info.plist"; sourceTree = "<group>"; };
		AA7B05812A7292F300A5CECE /* ViaCep.app */ = {isa = PBXFileReference; explicitFileType = wrapper.application; includeInIndex = 0; path = ViaCep.app; sourceTree = BUILT_PRODUCTS_DIR; };
		AA7B05842A7292F300A5CECE /* AppDelegate.swift */ = {isa = PBXFileReference; lastKnownFileType = sourcecode.swift; path = AppDelegate.swift; sourceTree = "<group>"; };
		AA7B05882A7292F300A5CECE /* MainViewController.swift */ = {isa = PBXFileReference; lastKnownFileType = sourcecode.swift; path = MainViewController.swift; sourceTree = "<group>"; };
		AA7B058D2A7292F500A5CECE /* Assets.xcassets */ = {isa = PBXFileReference; lastKnownFileType = folder.assetcatalog; path = Assets.xcassets; sourceTree = "<group>"; };
		AA7B05902A7292F500A5CECE /* Base */ = {isa = PBXFileReference; lastKnownFileType = file.storyboard; name = Base; path = Base.lproj/LaunchScreen.storyboard; sourceTree = "<group>"; };
		AA7B05922A7292F500A5CECE /* Info.plist */ = {isa = PBXFileReference; lastKnownFileType = text.plist.xml; path = Info.plist; sourceTree = "<group>"; };
		AA7B05A12A72941000A5CECE /* DataCep.swift */ = {isa = PBXFileReference; lastKnownFileType = sourcecode.swift; path = DataCep.swift; sourceTree = "<group>"; };
		AA7B05A82A72963E00A5CECE /* MainPresenter.swift */ = {isa = PBXFileReference; lastKnownFileType = sourcecode.swift; path = MainPresenter.swift; sourceTree = "<group>"; };
		AA7B05AA2A7296E300A5CECE /* MainInteractor.swift */ = {isa = PBXFileReference; lastKnownFileType = sourcecode.swift; path = MainInteractor.swift; sourceTree = "<group>"; };
		AA7B05AC2A72978800A5CECE /* MainFactory.swift */ = {isa = PBXFileReference; lastKnownFileType = sourcecode.swift; path = MainFactory.swift; sourceTree = "<group>"; };
		AA7B05AE2A72988400A5CECE /* MainService.swift */ = {isa = PBXFileReference; lastKnownFileType = sourcecode.swift; path = MainService.swift; sourceTree = "<group>"; };
		AA7B05B52A729BCF00A5CECE /* HttpMethod.swift */ = {isa = PBXFileReference; lastKnownFileType = sourcecode.swift; path = HttpMethod.swift; sourceTree = "<group>"; };
		AA7B05B72A729C5A00A5CECE /* Networking.swift */ = {isa = PBXFileReference; lastKnownFileType = sourcecode.swift; path = Networking.swift; sourceTree = "<group>"; };
		AA7B05B92A729C7000A5CECE /* Request.swift */ = {isa = PBXFileReference; lastKnownFileType = sourcecode.swift; path = Request.swift; sourceTree = "<group>"; };
		AA7B05BB2A729C7E00A5CECE /* Tasking.swift */ = {isa = PBXFileReference; lastKnownFileType = sourcecode.swift; path = Tasking.swift; sourceTree = "<group>"; };
		AA7B05BD2A729E9600A5CECE /* MainRequest.swift */ = {isa = PBXFileReference; lastKnownFileType = sourcecode.swift; path = MainRequest.swift; sourceTree = "<group>"; };
		AA7B05C82A72C39000A5CECE /* ViaCepTests.xctest */ = {isa = PBXFileReference; explicitFileType = wrapper.cfbundle; includeInIndex = 0; path = ViaCepTests.xctest; sourceTree = BUILT_PRODUCTS_DIR; };
		AA7B05D32A72C3C600A5CECE /* MainInteractorTests.swift */ = {isa = PBXFileReference; lastKnownFileType = sourcecode.swift; path = MainInteractorTests.swift; sourceTree = "<group>"; };
		AA7B05D62A72F39400A5CECE /* Dummy.swift */ = {isa = PBXFileReference; lastKnownFileType = sourcecode.swift; path = Dummy.swift; sourceTree = "<group>"; };
		AA809B112A82E18C000F506D /* NetworkError.swift */ = {isa = PBXFileReference; lastKnownFileType = sourcecode.swift; path = NetworkError.swift; sourceTree = "<group>"; };
		AA809B132A82E1AE000F506D /* EmptyResponse.swift */ = {isa = PBXFileReference; lastKnownFileType = sourcecode.swift; path = EmptyResponse.swift; sourceTree = "<group>"; };
		AA9FD4B12A72FFC400CA1773 /* ViaCep.xctestplan */ = {isa = PBXFileReference; lastKnownFileType = text; path = ViaCep.xctestplan; sourceTree = "<group>"; };
		AA9FD4B32A73046000CA1773 /* MainPresenterTests.swift */ = {isa = PBXFileReference; lastKnownFileType = sourcecode.swift; path = MainPresenterTests.swift; sourceTree = "<group>"; };
		AAA286C32B9ABEE00007EC2F /* XCTestCase+Extension.swift */ = {isa = PBXFileReference; lastKnownFileType = sourcecode.swift; path = "XCTestCase+Extension.swift"; sourceTree = "<group>"; };
		AAA286C52B9AC9600007EC2F /* NetworkingSpy.swift */ = {isa = PBXFileReference; lastKnownFileType = sourcecode.swift; path = NetworkingSpy.swift; sourceTree = "<group>"; };
		AAA286C72B9AC98C0007EC2F /* MainServiceSpy.swift */ = {isa = PBXFileReference; lastKnownFileType = sourcecode.swift; path = MainServiceSpy.swift; sourceTree = "<group>"; };
		AACC86052BCA0DB5001E49B8 /* ViaCepUITests.xctest */ = {isa = PBXFileReference; explicitFileType = wrapper.cfbundle; includeInIndex = 0; path = ViaCepUITests.xctest; sourceTree = BUILT_PRODUCTS_DIR; };
		AACC86092BCA0DB5001E49B8 /* ViaCepUITestsLaunchTests.swift */ = {isa = PBXFileReference; lastKnownFileType = sourcecode.swift; path = ViaCepUITestsLaunchTests.swift; sourceTree = "<group>"; };
		AACC86102BCA0EEF001E49B8 /* MainViewUITests.swift */ = {isa = PBXFileReference; lastKnownFileType = sourcecode.swift; path = MainViewUITests.swift; sourceTree = "<group>"; };
		AAF24B3D2A74D12A00787C38 /* NSLayout+Extensions.swift */ = {isa = PBXFileReference; lastKnownFileType = sourcecode.swift; path = "NSLayout+Extensions.swift"; sourceTree = "<group>"; };
		AAF24B402A74E5A200787C38 /* MainPresenterSpy.swift */ = {isa = PBXFileReference; lastKnownFileType = sourcecode.swift; path = MainPresenterSpy.swift; sourceTree = "<group>"; };
		AAF24B432A74E60100787C38 /* ServiceMock.swift */ = {isa = PBXFileReference; lastKnownFileType = sourcecode.swift; path = ServiceMock.swift; sourceTree = "<group>"; };
		AAF24B452A74E68A00787C38 /* MainViewControllerSpy.swift */ = {isa = PBXFileReference; lastKnownFileType = sourcecode.swift; path = MainViewControllerSpy.swift; sourceTree = "<group>"; };
		AAFDDE342B4B7539009D031D /* MainServiceTests.swift */ = {isa = PBXFileReference; lastKnownFileType = sourcecode.swift; path = MainServiceTests.swift; sourceTree = "<group>"; };
/* End PBXFileReference section */

/* Begin PBXFrameworksBuildPhase section */
		AA7B057E2A7292F300A5CECE /* Frameworks */ = {
			isa = PBXFrameworksBuildPhase;
			buildActionMask = 2147483647;
			files = (
			);
			runOnlyForDeploymentPostprocessing = 0;
		};
		AA7B05C52A72C39000A5CECE /* Frameworks */ = {
			isa = PBXFrameworksBuildPhase;
			buildActionMask = 2147483647;
			files = (
			);
			runOnlyForDeploymentPostprocessing = 0;
		};
		AACC86022BCA0DB5001E49B8 /* Frameworks */ = {
			isa = PBXFrameworksBuildPhase;
			buildActionMask = 2147483647;
			files = (
			);
			runOnlyForDeploymentPostprocessing = 0;
		};
/* End PBXFrameworksBuildPhase section */

/* Begin PBXGroup section */
		AA5178A02AB1DF1100E3CFCA /* RequestLogger */ = {
			isa = PBXGroup;
			children = (
				AA5178A12AB1E04E00E3CFCA /* NetworkingLogger.swift */,
			);
			path = RequestLogger;
			sourceTree = "<group>";
		};
		AA7B05782A7292F300A5CECE = {
			isa = PBXGroup;
			children = (
				AA7B05832A7292F300A5CECE /* ViaCep */,
				AA7B05C92A72C39000A5CECE /* ViaCepTests */,
				AACC86062BCA0DB5001E49B8 /* ViaCepUITests */,
				AA7B05822A7292F300A5CECE /* Products */,
			);
			sourceTree = "<group>";
		};
		AA7B05822A7292F300A5CECE /* Products */ = {
			isa = PBXGroup;
			children = (
				AA7B05812A7292F300A5CECE /* ViaCep.app */,
				AA7B05C82A72C39000A5CECE /* ViaCepTests.xctest */,
				AACC86052BCA0DB5001E49B8 /* ViaCepUITests.xctest */,
			);
			name = Products;
			sourceTree = "<group>";
		};
		AA7B05832A7292F300A5CECE /* ViaCep */ = {
			isa = PBXGroup;
			children = (
				AA7B059A2A72930B00A5CECE /* Start */,
				AA7B05B02A72998900A5CECE /* Core */,
				AA7B05992A72930800A5CECE /* Features */,
				AA7B05982A72930500A5CECE /* SupportingFiles */,
			);
			path = ViaCep;
			sourceTree = "<group>";
		};
		AA7B05982A72930500A5CECE /* SupportingFiles */ = {
			isa = PBXGroup;
			children = (
				AA7B05922A7292F500A5CECE /* Info.plist */,
				AA7B058D2A7292F500A5CECE /* Assets.xcassets */,
				AA7B058F2A7292F500A5CECE /* LaunchScreen.storyboard */,
				AA77D4A52B4B5EB30024315B /* GoogleService-Info.plist */,
			);
			path = SupportingFiles;
			sourceTree = "<group>";
		};
		AA7B05992A72930800A5CECE /* Features */ = {
			isa = PBXGroup;
			children = (
				AA7B059B2A72936800A5CECE /* Scene */,
			);
			path = Features;
			sourceTree = "<group>";
		};
		AA7B059A2A72930B00A5CECE /* Start */ = {
			isa = PBXGroup;
			children = (
				AA7B05842A7292F300A5CECE /* AppDelegate.swift */,
			);
			path = Start;
			sourceTree = "<group>";
		};
		AA7B059B2A72936800A5CECE /* Scene */ = {
			isa = PBXGroup;
			children = (
				AA7B059C2A72937200A5CECE /* MainView */,
			);
			path = Scene;
			sourceTree = "<group>";
		};
		AA7B059C2A72937200A5CECE /* MainView */ = {
			isa = PBXGroup;
			children = (
				AA7B05A52A7294D900A5CECE /* Factory */,
				AA7B05A02A7293E400A5CECE /* Domain */,
				AA7B05A42A72949600A5CECE /* Interactor */,
				AA7B059E2A7293DE00A5CECE /* Presenter */,
				AA7B059F2A7293E100A5CECE /* Service */,
				AA7B059D2A7293D900A5CECE /* UI */,
			);
			path = MainView;
			sourceTree = "<group>";
		};
		AA7B059D2A7293D900A5CECE /* UI */ = {
			isa = PBXGroup;
			children = (
				AA7B05882A7292F300A5CECE /* MainViewController.swift */,
			);
			path = UI;
			sourceTree = "<group>";
		};
		AA7B059E2A7293DE00A5CECE /* Presenter */ = {
			isa = PBXGroup;
			children = (
				AA7B05A82A72963E00A5CECE /* MainPresenter.swift */,
			);
			path = Presenter;
			sourceTree = "<group>";
		};
		AA7B059F2A7293E100A5CECE /* Service */ = {
			isa = PBXGroup;
			children = (
				AA7B05AE2A72988400A5CECE /* MainService.swift */,
				AA7B05BD2A729E9600A5CECE /* MainRequest.swift */,
			);
			path = Service;
			sourceTree = "<group>";
		};
		AA7B05A02A7293E400A5CECE /* Domain */ = {
			isa = PBXGroup;
			children = (
				AA7B05A12A72941000A5CECE /* DataCep.swift */,
			);
			path = Domain;
			sourceTree = "<group>";
		};
		AA7B05A42A72949600A5CECE /* Interactor */ = {
			isa = PBXGroup;
			children = (
				AA7B05AA2A7296E300A5CECE /* MainInteractor.swift */,
			);
			path = Interactor;
			sourceTree = "<group>";
		};
		AA7B05A52A7294D900A5CECE /* Factory */ = {
			isa = PBXGroup;
			children = (
				AA7B05AC2A72978800A5CECE /* MainFactory.swift */,
			);
			path = Factory;
			sourceTree = "<group>";
		};
		AA7B05B02A72998900A5CECE /* Core */ = {
			isa = PBXGroup;
			children = (
				AA5178A02AB1DF1100E3CFCA /* RequestLogger */,
				AAF24B3C2A74D0FE00787C38 /* NSLayout */,
				AA7B05B42A729BBD00A5CECE /* WebService */,
			);
			path = Core;
			sourceTree = "<group>";
		};
		AA7B05B42A729BBD00A5CECE /* WebService */ = {
			isa = PBXGroup;
			children = (
				AA7B05B52A729BCF00A5CECE /* HttpMethod.swift */,
				AA7B05B72A729C5A00A5CECE /* Networking.swift */,
				AA7B05B92A729C7000A5CECE /* Request.swift */,
				AA7B05BB2A729C7E00A5CECE /* Tasking.swift */,
				AA809B112A82E18C000F506D /* NetworkError.swift */,
				AA809B132A82E1AE000F506D /* EmptyResponse.swift */,
			);
			path = WebService;
			sourceTree = "<group>";
		};
		AA7B05C92A72C39000A5CECE /* ViaCepTests */ = {
			isa = PBXGroup;
			children = (
				AA9FD4B12A72FFC400CA1773 /* ViaCep.xctestplan */,
				AA7B05D52A72F38200A5CECE /* Dummy */,
				AA9FD4BD2A7326B900CA1773 /* Features */,
			);
			path = ViaCepTests;
			sourceTree = "<group>";
		};
		AA7B05D52A72F38200A5CECE /* Dummy */ = {
			isa = PBXGroup;
			children = (
				AA7B05D62A72F39400A5CECE /* Dummy.swift */,
			);
			path = Dummy;
			sourceTree = "<group>";
		};
		AA9FD4BD2A7326B900CA1773 /* Features */ = {
			isa = PBXGroup;
			children = (
				AA9FD4BE2A7326C600CA1773 /* UnitTests */,
			);
			path = Features;
			sourceTree = "<group>";
		};
		AA9FD4BE2A7326C600CA1773 /* UnitTests */ = {
			isa = PBXGroup;
			children = (
				AAA286C22B9ABECB0007EC2F /* Extension */,
				AAF24B422A74E5E900787C38 /* Mockies */,
				AAF24B3F2A74E59100787C38 /* Spies */,
				AA9FD4BF2A7326CB00CA1773 /* MainTests */,
			);
			path = UnitTests;
			sourceTree = "<group>";
		};
		AA9FD4BF2A7326CB00CA1773 /* MainTests */ = {
			isa = PBXGroup;
			children = (
				AA7B05D32A72C3C600A5CECE /* MainInteractorTests.swift */,
				AA9FD4B32A73046000CA1773 /* MainPresenterTests.swift */,
				AAFDDE342B4B7539009D031D /* MainServiceTests.swift */,
			);
			path = MainTests;
			sourceTree = "<group>";
		};
		AAA286C22B9ABECB0007EC2F /* Extension */ = {
			isa = PBXGroup;
			children = (
				AAA286C32B9ABEE00007EC2F /* XCTestCase+Extension.swift */,
			);
			path = Extension;
			sourceTree = "<group>";
		};
		AACC86062BCA0DB5001E49B8 /* ViaCepUITests */ = {
			isa = PBXGroup;
			children = (
				AACC86102BCA0EEF001E49B8 /* MainViewUITests.swift */,
				AACC86092BCA0DB5001E49B8 /* ViaCepUITestsLaunchTests.swift */,
			);
			path = ViaCepUITests;
			sourceTree = "<group>";
		};
		AAF24B3C2A74D0FE00787C38 /* NSLayout */ = {
			isa = PBXGroup;
			children = (
				AAF24B3D2A74D12A00787C38 /* NSLayout+Extensions.swift */,
			);
			path = NSLayout;
			sourceTree = "<group>";
		};
		AAF24B3F2A74E59100787C38 /* Spies */ = {
			isa = PBXGroup;
			children = (
				AAF24B402A74E5A200787C38 /* MainPresenterSpy.swift */,
				AAF24B452A74E68A00787C38 /* MainViewControllerSpy.swift */,
				AAA286C52B9AC9600007EC2F /* NetworkingSpy.swift */,
				AAA286C72B9AC98C0007EC2F /* MainServiceSpy.swift */,
			);
			path = Spies;
			sourceTree = "<group>";
		};
		AAF24B422A74E5E900787C38 /* Mockies */ = {
			isa = PBXGroup;
			children = (
				AAF24B432A74E60100787C38 /* ServiceMock.swift */,
			);
			path = Mockies;
			sourceTree = "<group>";
		};
/* End PBXGroup section */

/* Begin PBXNativeTarget section */
		AA7B05802A7292F300A5CECE /* ViaCep */ = {
			isa = PBXNativeTarget;
			buildConfigurationList = AA7B05952A7292F500A5CECE /* Build configuration list for PBXNativeTarget "ViaCep" */;
			buildPhases = (
				AA7B057D2A7292F300A5CECE /* Sources */,
				AA7B057E2A7292F300A5CECE /* Frameworks */,
				AA7B057F2A7292F300A5CECE /* Resources */,
			);
			buildRules = (
			);
			dependencies = (
			);
			name = ViaCep;
			packageProductDependencies = (
			);
			productName = ViaCep;
			productReference = AA7B05812A7292F300A5CECE /* ViaCep.app */;
			productType = "com.apple.product-type.application";
		};
		AA7B05C72A72C39000A5CECE /* ViaCepTests */ = {
			isa = PBXNativeTarget;
			buildConfigurationList = AA7B05CE2A72C39000A5CECE /* Build configuration list for PBXNativeTarget "ViaCepTests" */;
			buildPhases = (
				AA7B05C42A72C39000A5CECE /* Sources */,
				AA7B05C52A72C39000A5CECE /* Frameworks */,
				AA7B05C62A72C39000A5CECE /* Resources */,
			);
			buildRules = (
			);
			dependencies = (
				AA7B05CD2A72C39000A5CECE /* PBXTargetDependency */,
			);
			name = ViaCepTests;
			packageProductDependencies = (
			);
			productName = ViaCepTests;
			productReference = AA7B05C82A72C39000A5CECE /* ViaCepTests.xctest */;
			productType = "com.apple.product-type.bundle.unit-test";
		};
		AACC86042BCA0DB5001E49B8 /* ViaCepUITests */ = {
			isa = PBXNativeTarget;
			buildConfigurationList = AACC860D2BCA0DB5001E49B8 /* Build configuration list for PBXNativeTarget "ViaCepUITests" */;
			buildPhases = (
				AACC86012BCA0DB5001E49B8 /* Sources */,
				AACC86022BCA0DB5001E49B8 /* Frameworks */,
				AACC86032BCA0DB5001E49B8 /* Resources */,
			);
			buildRules = (
			);
			dependencies = (
				AACC860C2BCA0DB5001E49B8 /* PBXTargetDependency */,
			);
			name = ViaCepUITests;
			productName = ViaCepUITests;
			productReference = AACC86052BCA0DB5001E49B8 /* ViaCepUITests.xctest */;
			productType = "com.apple.product-type.bundle.ui-testing";
		};
/* End PBXNativeTarget section */

/* Begin PBXProject section */
		AA7B05792A7292F300A5CECE /* Project object */ = {
			isa = PBXProject;
			attributes = {
				BuildIndependentTargetsInParallel = 1;
				LastSwiftUpdateCheck = 1520;
				LastUpgradeCheck = 1520;
				TargetAttributes = {
					AA7B05802A7292F300A5CECE = {
						CreatedOnToolsVersion = 14.3.1;
					};
					AA7B05C72A72C39000A5CECE = {
						CreatedOnToolsVersion = 14.3.1;
						LastSwiftMigration = 1430;
						TestTargetID = AA7B05802A7292F300A5CECE;
					};
					AACC86042BCA0DB5001E49B8 = {
						CreatedOnToolsVersion = 15.2;
						TestTargetID = AA7B05802A7292F300A5CECE;
					};
				};
			};
			buildConfigurationList = AA7B057C2A7292F300A5CECE /* Build configuration list for PBXProject "ViaCep" */;
			compatibilityVersion = "Xcode 14.0";
			developmentRegion = en;
			hasScannedForEncodings = 0;
			knownRegions = (
				en,
				Base,
			);
			mainGroup = AA7B05782A7292F300A5CECE;
			packageReferences = (
			);
			productRefGroup = AA7B05822A7292F300A5CECE /* Products */;
			projectDirPath = "";
			projectRoot = "";
			targets = (
				AA7B05802A7292F300A5CECE /* ViaCep */,
				AA7B05C72A72C39000A5CECE /* ViaCepTests */,
				AACC86042BCA0DB5001E49B8 /* ViaCepUITests */,
			);
		};
/* End PBXProject section */

/* Begin PBXResourcesBuildPhase section */
		AA7B057F2A7292F300A5CECE /* Resources */ = {
			isa = PBXResourcesBuildPhase;
			buildActionMask = 2147483647;
			files = (
				AA7B05912A7292F500A5CECE /* LaunchScreen.storyboard in Resources */,
				AA7B058E2A7292F500A5CECE /* Assets.xcassets in Resources */,
				AA77D4A62B4B5EB30024315B /* GoogleService-Info.plist in Resources */,
			);
			runOnlyForDeploymentPostprocessing = 0;
		};
		AA7B05C62A72C39000A5CECE /* Resources */ = {
			isa = PBXResourcesBuildPhase;
			buildActionMask = 2147483647;
			files = (
			);
			runOnlyForDeploymentPostprocessing = 0;
		};
		AACC86032BCA0DB5001E49B8 /* Resources */ = {
			isa = PBXResourcesBuildPhase;
			buildActionMask = 2147483647;
			files = (
			);
			runOnlyForDeploymentPostprocessing = 0;
		};
/* End PBXResourcesBuildPhase section */

/* Begin PBXSourcesBuildPhase section */
		AA7B057D2A7292F300A5CECE /* Sources */ = {
			isa = PBXSourcesBuildPhase;
			buildActionMask = 2147483647;
			files = (
				AA809B122A82E18C000F506D /* NetworkError.swift in Sources */,
				AAF24B3E2A74D12A00787C38 /* NSLayout+Extensions.swift in Sources */,
				AA7B05892A7292F300A5CECE /* MainViewController.swift in Sources */,
				AA7B05BA2A729C7000A5CECE /* Request.swift in Sources */,
				AA7B05B82A729C5A00A5CECE /* Networking.swift in Sources */,
				AA7B05AD2A72978800A5CECE /* MainFactory.swift in Sources */,
				AA5178A22AB1E04E00E3CFCA /* NetworkingLogger.swift in Sources */,
				AA7B05B62A729BCF00A5CECE /* HttpMethod.swift in Sources */,
				AA7B05A92A72963E00A5CECE /* MainPresenter.swift in Sources */,
				AA7B05BE2A729E9600A5CECE /* MainRequest.swift in Sources */,
				AA7B05852A7292F300A5CECE /* AppDelegate.swift in Sources */,
				AA809B142A82E1AE000F506D /* EmptyResponse.swift in Sources */,
				AA7B05A22A72941000A5CECE /* DataCep.swift in Sources */,
				AA7B05AF2A72988400A5CECE /* MainService.swift in Sources */,
				AA7B05BC2A729C7E00A5CECE /* Tasking.swift in Sources */,
				AA7B05AB2A7296E300A5CECE /* MainInteractor.swift in Sources */,
			);
			runOnlyForDeploymentPostprocessing = 0;
		};
		AA7B05C42A72C39000A5CECE /* Sources */ = {
			isa = PBXSourcesBuildPhase;
			buildActionMask = 2147483647;
			files = (
				AAA286C82B9AC98C0007EC2F /* MainServiceSpy.swift in Sources */,
				AAA286C62B9AC9600007EC2F /* NetworkingSpy.swift in Sources */,
				AAF24B412A74E5A200787C38 /* MainPresenterSpy.swift in Sources */,
				AA7B05D72A72F39400A5CECE /* Dummy.swift in Sources */,
				AA7B05D42A72C3C600A5CECE /* MainInteractorTests.swift in Sources */,
				AAA286C42B9ABEE00007EC2F /* XCTestCase+Extension.swift in Sources */,
				AAF24B442A74E60100787C38 /* ServiceMock.swift in Sources */,
				AA9FD4B42A73046000CA1773 /* MainPresenterTests.swift in Sources */,
				AAF24B462A74E68A00787C38 /* MainViewControllerSpy.swift in Sources */,
				AAFDDE352B4B7539009D031D /* MainServiceTests.swift in Sources */,
			);
			runOnlyForDeploymentPostprocessing = 0;
		};
		AACC86012BCA0DB5001E49B8 /* Sources */ = {
			isa = PBXSourcesBuildPhase;
			buildActionMask = 2147483647;
			files = (
				AACC860A2BCA0DB5001E49B8 /* ViaCepUITestsLaunchTests.swift in Sources */,
				AACC86112BCA0EEF001E49B8 /* MainViewUITests.swift in Sources */,
			);
			runOnlyForDeploymentPostprocessing = 0;
		};
/* End PBXSourcesBuildPhase section */

/* Begin PBXTargetDependency section */
		AA7B05CD2A72C39000A5CECE /* PBXTargetDependency */ = {
			isa = PBXTargetDependency;
			target = AA7B05802A7292F300A5CECE /* ViaCep */;
			targetProxy = AA7B05CC2A72C39000A5CECE /* PBXContainerItemProxy */;
		};
		AACC860C2BCA0DB5001E49B8 /* PBXTargetDependency */ = {
			isa = PBXTargetDependency;
			target = AA7B05802A7292F300A5CECE /* ViaCep */;
			targetProxy = AACC860B2BCA0DB5001E49B8 /* PBXContainerItemProxy */;
		};
/* End PBXTargetDependency section */

/* Begin PBXVariantGroup section */
		AA7B058F2A7292F500A5CECE /* LaunchScreen.storyboard */ = {
			isa = PBXVariantGroup;
			children = (
				AA7B05902A7292F500A5CECE /* Base */,
			);
			name = LaunchScreen.storyboard;
			sourceTree = "<group>";
		};
/* End PBXVariantGroup section */

/* Begin XCBuildConfiguration section */
		AA7B05932A7292F500A5CECE /* Debug */ = {
			isa = XCBuildConfiguration;
			buildSettings = {
				ALWAYS_SEARCH_USER_PATHS = NO;
				CLANG_ANALYZER_NONNULL = YES;
				CLANG_ANALYZER_NUMBER_OBJECT_CONVERSION = YES_AGGRESSIVE;
				CLANG_CXX_LANGUAGE_STANDARD = "gnu++20";
				CLANG_ENABLE_MODULES = YES;
				CLANG_ENABLE_OBJC_ARC = YES;
				CLANG_ENABLE_OBJC_WEAK = YES;
				CLANG_WARN_BLOCK_CAPTURE_AUTORELEASING = YES;
				CLANG_WARN_BOOL_CONVERSION = YES;
				CLANG_WARN_COMMA = YES;
				CLANG_WARN_CONSTANT_CONVERSION = YES;
				CLANG_WARN_DEPRECATED_OBJC_IMPLEMENTATIONS = YES;
				CLANG_WARN_DIRECT_OBJC_ISA_USAGE = YES_ERROR;
				CLANG_WARN_DOCUMENTATION_COMMENTS = YES;
				CLANG_WARN_EMPTY_BODY = YES;
				CLANG_WARN_ENUM_CONVERSION = YES;
				CLANG_WARN_INFINITE_RECURSION = YES;
				CLANG_WARN_INT_CONVERSION = YES;
				CLANG_WARN_NON_LITERAL_NULL_CONVERSION = YES;
				CLANG_WARN_OBJC_IMPLICIT_RETAIN_SELF = YES;
				CLANG_WARN_OBJC_LITERAL_CONVERSION = YES;
				CLANG_WARN_OBJC_ROOT_CLASS = YES_ERROR;
				CLANG_WARN_QUOTED_INCLUDE_IN_FRAMEWORK_HEADER = YES;
				CLANG_WARN_RANGE_LOOP_ANALYSIS = YES;
				CLANG_WARN_STRICT_PROTOTYPES = YES;
				CLANG_WARN_SUSPICIOUS_MOVE = YES;
				CLANG_WARN_UNGUARDED_AVAILABILITY = YES_AGGRESSIVE;
				CLANG_WARN_UNREACHABLE_CODE = YES;
				CLANG_WARN__DUPLICATE_METHOD_MATCH = YES;
				COPY_PHASE_STRIP = NO;
				DEBUG_INFORMATION_FORMAT = dwarf;
				ENABLE_STRICT_OBJC_MSGSEND = YES;
				ENABLE_TESTABILITY = YES;
				ENABLE_USER_SCRIPT_SANDBOXING = YES;
				GCC_C_LANGUAGE_STANDARD = gnu11;
				GCC_DYNAMIC_NO_PIC = NO;
				GCC_NO_COMMON_BLOCKS = YES;
				GCC_OPTIMIZATION_LEVEL = 0;
				GCC_PREPROCESSOR_DEFINITIONS = (
					"DEBUG=1",
					"$(inherited)",
				);
				GCC_WARN_64_TO_32_BIT_CONVERSION = YES;
				GCC_WARN_ABOUT_RETURN_TYPE = YES_ERROR;
				GCC_WARN_UNDECLARED_SELECTOR = YES;
				GCC_WARN_UNINITIALIZED_AUTOS = YES_AGGRESSIVE;
				GCC_WARN_UNUSED_FUNCTION = YES;
				GCC_WARN_UNUSED_VARIABLE = YES;
				IPHONEOS_DEPLOYMENT_TARGET = 17.0;
				MTL_ENABLE_DEBUG_INFO = INCLUDE_SOURCE;
				MTL_FAST_MATH = YES;
				ONLY_ACTIVE_ARCH = YES;
				SDKROOT = iphoneos;
				SWIFT_ACTIVE_COMPILATION_CONDITIONS = DEBUG;
				SWIFT_OPTIMIZATION_LEVEL = "-Onone";
			};
			name = Debug;
		};
		AA7B05942A7292F500A5CECE /* Release */ = {
			isa = XCBuildConfiguration;
			buildSettings = {
				ALWAYS_SEARCH_USER_PATHS = NO;
				CLANG_ANALYZER_NONNULL = YES;
				CLANG_ANALYZER_NUMBER_OBJECT_CONVERSION = YES_AGGRESSIVE;
				CLANG_CXX_LANGUAGE_STANDARD = "gnu++20";
				CLANG_ENABLE_MODULES = YES;
				CLANG_ENABLE_OBJC_ARC = YES;
				CLANG_ENABLE_OBJC_WEAK = YES;
				CLANG_WARN_BLOCK_CAPTURE_AUTORELEASING = YES;
				CLANG_WARN_BOOL_CONVERSION = YES;
				CLANG_WARN_COMMA = YES;
				CLANG_WARN_CONSTANT_CONVERSION = YES;
				CLANG_WARN_DEPRECATED_OBJC_IMPLEMENTATIONS = YES;
				CLANG_WARN_DIRECT_OBJC_ISA_USAGE = YES_ERROR;
				CLANG_WARN_DOCUMENTATION_COMMENTS = YES;
				CLANG_WARN_EMPTY_BODY = YES;
				CLANG_WARN_ENUM_CONVERSION = YES;
				CLANG_WARN_INFINITE_RECURSION = YES;
				CLANG_WARN_INT_CONVERSION = YES;
				CLANG_WARN_NON_LITERAL_NULL_CONVERSION = YES;
				CLANG_WARN_OBJC_IMPLICIT_RETAIN_SELF = YES;
				CLANG_WARN_OBJC_LITERAL_CONVERSION = YES;
				CLANG_WARN_OBJC_ROOT_CLASS = YES_ERROR;
				CLANG_WARN_QUOTED_INCLUDE_IN_FRAMEWORK_HEADER = YES;
				CLANG_WARN_RANGE_LOOP_ANALYSIS = YES;
				CLANG_WARN_STRICT_PROTOTYPES = YES;
				CLANG_WARN_SUSPICIOUS_MOVE = YES;
				CLANG_WARN_UNGUARDED_AVAILABILITY = YES_AGGRESSIVE;
				CLANG_WARN_UNREACHABLE_CODE = YES;
				CLANG_WARN__DUPLICATE_METHOD_MATCH = YES;
				COPY_PHASE_STRIP = NO;
				DEBUG_INFORMATION_FORMAT = "dwarf-with-dsym";
				ENABLE_NS_ASSERTIONS = NO;
				ENABLE_STRICT_OBJC_MSGSEND = YES;
				ENABLE_USER_SCRIPT_SANDBOXING = YES;
				GCC_C_LANGUAGE_STANDARD = gnu11;
				GCC_NO_COMMON_BLOCKS = YES;
				GCC_WARN_64_TO_32_BIT_CONVERSION = YES;
				GCC_WARN_ABOUT_RETURN_TYPE = YES_ERROR;
				GCC_WARN_UNDECLARED_SELECTOR = YES;
				GCC_WARN_UNINITIALIZED_AUTOS = YES_AGGRESSIVE;
				GCC_WARN_UNUSED_FUNCTION = YES;
				GCC_WARN_UNUSED_VARIABLE = YES;
				IPHONEOS_DEPLOYMENT_TARGET = 17.0;
				MTL_ENABLE_DEBUG_INFO = NO;
				MTL_FAST_MATH = YES;
				SDKROOT = iphoneos;
				SWIFT_COMPILATION_MODE = wholemodule;
				SWIFT_OPTIMIZATION_LEVEL = "-O";
				VALIDATE_PRODUCT = YES;
			};
			name = Release;
		};
		AA7B05962A7292F500A5CECE /* Debug */ = {
			isa = XCBuildConfiguration;
			buildSettings = {
				ASSETCATALOG_COMPILER_APPICON_NAME = AppIcon;
				ASSETCATALOG_COMPILER_GLOBAL_ACCENT_COLOR_NAME = AccentColor;
				CODE_SIGN_IDENTITY = "Apple Development";
				CODE_SIGN_STYLE = Manual;
				CURRENT_PROJECT_VERSION = 1;
				DEVELOPMENT_TEAM = "";
				GENERATE_INFOPLIST_FILE = YES;
				INFOPLIST_FILE = ViaCep/SupportingFiles/Info.plist;
				INFOPLIST_KEY_UIApplicationSupportsIndirectInputEvents = YES;
				INFOPLIST_KEY_UILaunchStoryboardName = LaunchScreen;
				INFOPLIST_KEY_UIMainStoryboardFile = "";
				INFOPLIST_KEY_UISupportedInterfaceOrientations_iPad = "UIInterfaceOrientationPortrait UIInterfaceOrientationPortraitUpsideDown UIInterfaceOrientationLandscapeLeft UIInterfaceOrientationLandscapeRight";
				INFOPLIST_KEY_UISupportedInterfaceOrientations_iPhone = "UIInterfaceOrientationPortrait UIInterfaceOrientationLandscapeLeft UIInterfaceOrientationLandscapeRight";
				IPHONEOS_DEPLOYMENT_TARGET = 16.4;
				LD_RUNPATH_SEARCH_PATHS = (
					"$(inherited)",
					"@executable_path/Frameworks",
				);
				MARKETING_VERSION = 1.0;
				PRODUCT_BUNDLE_IDENTIFIER = com.thiagomonteiro.ViaCep;
				PRODUCT_NAME = "$(TARGET_NAME)";
				PROVISIONING_PROFILE_SPECIFIER = "";
				SUPPORTED_PLATFORMS = "iphoneos iphonesimulator";
				SUPPORTS_MACCATALYST = NO;
				SUPPORTS_MAC_DESIGNED_FOR_IPHONE_IPAD = NO;
				SUPPORTS_XR_DESIGNED_FOR_IPHONE_IPAD = NO;
				SWIFT_EMIT_LOC_STRINGS = YES;
				SWIFT_VERSION = 5.0;
				TARGETED_DEVICE_FAMILY = 1;
			};
			name = Debug;
		};
		AA7B05972A7292F500A5CECE /* Release */ = {
			isa = XCBuildConfiguration;
			buildSettings = {
				ASSETCATALOG_COMPILER_APPICON_NAME = AppIcon;
				ASSETCATALOG_COMPILER_GLOBAL_ACCENT_COLOR_NAME = AccentColor;
				CODE_SIGN_IDENTITY = "Apple Development";
				CODE_SIGN_STYLE = Manual;
				CURRENT_PROJECT_VERSION = 1;
				DEVELOPMENT_TEAM = "";
				GENERATE_INFOPLIST_FILE = YES;
				INFOPLIST_FILE = ViaCep/SupportingFiles/Info.plist;
				INFOPLIST_KEY_UIApplicationSupportsIndirectInputEvents = YES;
				INFOPLIST_KEY_UILaunchStoryboardName = LaunchScreen;
				INFOPLIST_KEY_UIMainStoryboardFile = "";
				INFOPLIST_KEY_UISupportedInterfaceOrientations_iPad = "UIInterfaceOrientationPortrait UIInterfaceOrientationPortraitUpsideDown UIInterfaceOrientationLandscapeLeft UIInterfaceOrientationLandscapeRight";
				INFOPLIST_KEY_UISupportedInterfaceOrientations_iPhone = "UIInterfaceOrientationPortrait UIInterfaceOrientationLandscapeLeft UIInterfaceOrientationLandscapeRight";
				IPHONEOS_DEPLOYMENT_TARGET = 16.4;
				LD_RUNPATH_SEARCH_PATHS = (
					"$(inherited)",
					"@executable_path/Frameworks",
				);
				MARKETING_VERSION = 1.0;
				PRODUCT_BUNDLE_IDENTIFIER = com.thiagomonteiro.ViaCep;
				PRODUCT_NAME = "$(TARGET_NAME)";
				PROVISIONING_PROFILE_SPECIFIER = "";
				SUPPORTED_PLATFORMS = "iphoneos iphonesimulator";
				SUPPORTS_MACCATALYST = NO;
				SUPPORTS_MAC_DESIGNED_FOR_IPHONE_IPAD = NO;
				SUPPORTS_XR_DESIGNED_FOR_IPHONE_IPAD = NO;
				SWIFT_EMIT_LOC_STRINGS = YES;
				SWIFT_VERSION = 5.0;
				TARGETED_DEVICE_FAMILY = 1;
			};
			name = Release;
		};
		AA7B05CF2A72C39000A5CECE /* Debug */ = {
			isa = XCBuildConfiguration;
			buildSettings = {
				BUNDLE_LOADER = "$(TEST_HOST)";
				CLANG_ENABLE_MODULES = YES;
				CODE_SIGN_STYLE = Manual;
				CURRENT_PROJECT_VERSION = 1;
				DEVELOPMENT_TEAM = "";
				GENERATE_INFOPLIST_FILE = YES;
				MARKETING_VERSION = 1.0;
				PRODUCT_BUNDLE_IDENTIFIER = com.thiagomonteiro.ViaCepTests;
				PRODUCT_NAME = "$(TARGET_NAME)";
				PROVISIONING_PROFILE_SPECIFIER = "";
				SUPPORTED_PLATFORMS = "iphoneos iphonesimulator";
				SUPPORTS_MACCATALYST = NO;
				SUPPORTS_MAC_DESIGNED_FOR_IPHONE_IPAD = NO;
				SUPPORTS_XR_DESIGNED_FOR_IPHONE_IPAD = NO;
				SWIFT_EMIT_LOC_STRINGS = NO;
				SWIFT_OPTIMIZATION_LEVEL = "-Onone";
				SWIFT_VERSION = 5.0;
				TARGETED_DEVICE_FAMILY = 1;
				TEST_HOST = "$(BUILT_PRODUCTS_DIR)/ViaCep.app/$(BUNDLE_EXECUTABLE_FOLDER_PATH)/ViaCep";
			};
			name = Debug;
		};
		AA7B05D02A72C39000A5CECE /* Release */ = {
			isa = XCBuildConfiguration;
			buildSettings = {
				BUNDLE_LOADER = "$(TEST_HOST)";
				CLANG_ENABLE_MODULES = YES;
				CODE_SIGN_STYLE = Manual;
				CURRENT_PROJECT_VERSION = 1;
				DEVELOPMENT_TEAM = "";
				GENERATE_INFOPLIST_FILE = YES;
				MARKETING_VERSION = 1.0;
				PRODUCT_BUNDLE_IDENTIFIER = com.thiagomonteiro.ViaCepTests;
				PRODUCT_NAME = "$(TARGET_NAME)";
				PROVISIONING_PROFILE_SPECIFIER = "";
				SUPPORTED_PLATFORMS = "iphoneos iphonesimulator";
				SUPPORTS_MACCATALYST = NO;
				SUPPORTS_MAC_DESIGNED_FOR_IPHONE_IPAD = NO;
				SUPPORTS_XR_DESIGNED_FOR_IPHONE_IPAD = NO;
				SWIFT_EMIT_LOC_STRINGS = NO;
				SWIFT_VERSION = 5.0;
				TARGETED_DEVICE_FAMILY = 1;
				TEST_HOST = "$(BUILT_PRODUCTS_DIR)/ViaCep.app/$(BUNDLE_EXECUTABLE_FOLDER_PATH)/ViaCep";
			};
			name = Release;
		};
		AACC860E2BCA0DB5001E49B8 /* Debug */ = {
			isa = XCBuildConfiguration;
			buildSettings = {
				ASSETCATALOG_COMPILER_GENERATE_SWIFT_ASSET_SYMBOL_EXTENSIONS = YES;
				CODE_SIGN_STYLE = Automatic;
				CURRENT_PROJECT_VERSION = 1;
				DEVELOPMENT_TEAM = L923PSABUA;
				GCC_C_LANGUAGE_STANDARD = gnu17;
				GENERATE_INFOPLIST_FILE = YES;
				IPHONEOS_DEPLOYMENT_TARGET = 17.0;
				LOCALIZATION_PREFERS_STRING_CATALOGS = YES;
				MARKETING_VERSION = 1.0;
				PRODUCT_BUNDLE_IDENTIFIER = com.thiagomonteiro.ViaCepUITests;
				PRODUCT_NAME = "$(TARGET_NAME)";
				SWIFT_ACTIVE_COMPILATION_CONDITIONS = "DEBUG $(inherited)";
				SWIFT_EMIT_LOC_STRINGS = NO;
				SWIFT_VERSION = 5.0;
				TARGETED_DEVICE_FAMILY = "1,2";
				TEST_TARGET_NAME = ViaCep;
			};
			name = Debug;
		};
		AACC860F2BCA0DB5001E49B8 /* Release */ = {
			isa = XCBuildConfiguration;
			buildSettings = {
				ASSETCATALOG_COMPILER_GENERATE_SWIFT_ASSET_SYMBOL_EXTENSIONS = YES;
				CODE_SIGN_STYLE = Automatic;
				CURRENT_PROJECT_VERSION = 1;
				DEVELOPMENT_TEAM = L923PSABUA;
				GCC_C_LANGUAGE_STANDARD = gnu17;
				GENERATE_INFOPLIST_FILE = YES;
				IPHONEOS_DEPLOYMENT_TARGET = 17.0;
				LOCALIZATION_PREFERS_STRING_CATALOGS = YES;
				MARKETING_VERSION = 1.0;
				PRODUCT_BUNDLE_IDENTIFIER = com.thiagomonteiro.ViaCepUITests;
				PRODUCT_NAME = "$(TARGET_NAME)";
				SWIFT_EMIT_LOC_STRINGS = NO;
				SWIFT_VERSION = 5.0;
				TARGETED_DEVICE_FAMILY = "1,2";
				TEST_TARGET_NAME = ViaCep;
			};
			name = Release;
		};
/* End XCBuildConfiguration section */

/* Begin XCConfigurationList section */
		AA7B057C2A7292F300A5CECE /* Build configuration list for PBXProject "ViaCep" */ = {
			isa = XCConfigurationList;
			buildConfigurations = (
				AA7B05932A7292F500A5CECE /* Debug */,
				AA7B05942A7292F500A5CECE /* Release */,
			);
			defaultConfigurationIsVisible = 0;
			defaultConfigurationName = Release;
		};
		AA7B05952A7292F500A5CECE /* Build configuration list for PBXNativeTarget "ViaCep" */ = {
			isa = XCConfigurationList;
			buildConfigurations = (
				AA7B05962A7292F500A5CECE /* Debug */,
				AA7B05972A7292F500A5CECE /* Release */,
			);
			defaultConfigurationIsVisible = 0;
			defaultConfigurationName = Release;
		};
		AA7B05CE2A72C39000A5CECE /* Build configuration list for PBXNativeTarget "ViaCepTests" */ = {
			isa = XCConfigurationList;
			buildConfigurations = (
				AA7B05CF2A72C39000A5CECE /* Debug */,
				AA7B05D02A72C39000A5CECE /* Release */,
			);
			defaultConfigurationIsVisible = 0;
			defaultConfigurationName = Release;
		};
		AACC860D2BCA0DB5001E49B8 /* Build configuration list for PBXNativeTarget "ViaCepUITests" */ = {
			isa = XCConfigurationList;
			buildConfigurations = (
				AACC860E2BCA0DB5001E49B8 /* Debug */,
				AACC860F2BCA0DB5001E49B8 /* Release */,
			);
			defaultConfigurationIsVisible = 0;
			defaultConfigurationName = Release;
		};
/* End XCConfigurationList section */
	};
	rootObject = AA7B05792A7292F300A5CECE /* Project object */;
}
