// !$*UTF8*$!
{
	archiveVersion = 1;
	classes = {
	};
	objectVersion = 56;
	objects = {

/* Begin PBXBuildFile section */
		150EF8FC286D5A2268F71D91 /* Pods_ViaCep.framework in Frameworks */ = {isa = PBXBuildFile; fileRef = FEFE4AE8A3C77BA9D63B461B /* Pods_ViaCep.framework */; };
		AA28FF222DCFF4200081C69F /* MemoryLeakDetection.swift in Sources */ = {isa = PBXBuildFile; fileRef = AA28FF212DCFF41F0081C69F /* MemoryLeakDetection.swift */; };
		AA28FF282DCFF5460081C69F /* ServiceMock.swift in Sources */ = {isa = PBXBuildFile; fileRef = AA28FF272DCFF5450081C69F /* ServiceMock.swift */; };
		AA28FF2A2DCFF5B20081C69F /* MainViewControllerSpy.swift in Sources */ = {isa = PBXBuildFile; fileRef = AA28FF292DCFF5B00081C69F /* MainViewControllerSpy.swift */; };
		AA7271FB2D5D1F1C00835958 /* AppDelegate.swift in Sources */ = {isa = PBXBuildFile; fileRef = AA7271F92D5D1F1C00835958 /* AppDelegate.swift */; };
		AA72720D2D5D1F1C00835958 /* DataCep.swift in Sources */ = {isa = PBXBuildFile; fileRef = AA7271FC2D5D1F1C00835958 /* DataCep.swift */; };
		AA72720E2D5D1F1C00835958 /* MainFactory.swift in Sources */ = {isa = PBXBuildFile; fileRef = AA7271FE2D5D1F1C00835958 /* MainFactory.swift */; };
		AA72720F2D5D1F1C00835958 /* MainInteractor.swift in Sources */ = {isa = PBXBuildFile; fileRef = AA7272002D5D1F1C00835958 /* MainInteractor.swift */; };
		AA7272102D5D1F1C00835958 /* MainPresenter.swift in Sources */ = {isa = PBXBuildFile; fileRef = AA7272022D5D1F1C00835958 /* MainPresenter.swift */; };
		AA7272112D5D1F1C00835958 /* MainRequest.swift in Sources */ = {isa = PBXBuildFile; fileRef = AA7272042D5D1F1C00835958 /* MainRequest.swift */; };
		AA7272122D5D1F1C00835958 /* MainService.swift in Sources */ = {isa = PBXBuildFile; fileRef = AA7272052D5D1F1C00835958 /* MainService.swift */; };
		AA7272132D5D1F1C00835958 /* MainView.swift in Sources */ = {isa = PBXBuildFile; fileRef = AA7272072D5D1F1C00835958 /* MainView.swift */; };
		AA7272142D5D1F1C00835958 /* MainViewController.swift in Sources */ = {isa = PBXBuildFile; fileRef = AA7272082D5D1F1C00835958 /* MainViewController.swift */; };
		AA7272232D5D1F1C00835958 /* NSLayout+Extensions.swift in Sources */ = {isa = PBXBuildFile; fileRef = AA7272152D5D1F1C00835958 /* NSLayout+Extensions.swift */; };
		AA7272242D5D1F1C00835958 /* NetworkingLogger.swift in Sources */ = {isa = PBXBuildFile; fileRef = AA7272172D5D1F1C00835958 /* NetworkingLogger.swift */; };
		AA7272252D5D1F1C00835958 /* ViewCodeComponent.swift in Sources */ = {isa = PBXBuildFile; fileRef = AA7272192D5D1F1C00835958 /* ViewCodeComponent.swift */; };
		AA7272262D5D1F1C00835958 /* EmptyResponse.swift in Sources */ = {isa = PBXBuildFile; fileRef = AA72721B2D5D1F1C00835958 /* EmptyResponse.swift */; };
		AA7272272D5D1F1C00835958 /* HttpMethod.swift in Sources */ = {isa = PBXBuildFile; fileRef = AA72721C2D5D1F1C00835958 /* HttpMethod.swift */; };
		AA7272282D5D1F1C00835958 /* NetworkError.swift in Sources */ = {isa = PBXBuildFile; fileRef = AA72721D2D5D1F1C00835958 /* NetworkError.swift */; };
		AA7272292D5D1F1C00835958 /* Networking.swift in Sources */ = {isa = PBXBuildFile; fileRef = AA72721E2D5D1F1C00835958 /* Networking.swift */; };
		AA72722A2D5D1F1C00835958 /* Request.swift in Sources */ = {isa = PBXBuildFile; fileRef = AA72721F2D5D1F1C00835958 /* Request.swift */; };
		AA72722B2D5D1F1C00835958 /* Tasking.swift in Sources */ = {isa = PBXBuildFile; fileRef = AA7272202D5D1F1C00835958 /* Tasking.swift */; };
		AA7272472D5D1F1C00835958 /* Dummy.swift in Sources */ = {isa = PBXBuildFile; fileRef = AA72722C2D5D1F1C00835958 /* Dummy.swift */; };
		AA7272482D5D1F1C00835958 /* RequestDummy.swift in Sources */ = {isa = PBXBuildFile; fileRef = AA72722E2D5D1F1C00835958 /* RequestDummy.swift */; };
		AA7272492D5D1F1C00835958 /* TaskDummy.swift in Sources */ = {isa = PBXBuildFile; fileRef = AA72722F2D5D1F1C00835958 /* TaskDummy.swift */; };
		AA72724A2D5D1F1C00835958 /* XCTestCase+Extension.swift in Sources */ = {isa = PBXBuildFile; fileRef = AA7272312D5D1F1C00835958 /* XCTestCase+Extension.swift */; };
		AA72724B2D5D1F1C00835958 /* MainPresenterSpy.swift in Sources */ = {isa = PBXBuildFile; fileRef = AA7272332D5D1F1C00835958 /* MainPresenterSpy.swift */; };
		AA72724C2D5D1F1C00835958 /* MainServiceSpy.swift in Sources */ = {isa = PBXBuildFile; fileRef = AA7272342D5D1F1C00835958 /* MainServiceSpy.swift */; };
		AA72724D2D5D1F1C00835958 /* NetworkingSpy.swift in Sources */ = {isa = PBXBuildFile; fileRef = AA7272352D5D1F1C00835958 /* NetworkingSpy.swift */; };
		AA72724E2D5D1F1C00835958 /* MainInteractorTests.swift in Sources */ = {isa = PBXBuildFile; fileRef = AA7272382D5D1F1C00835958 /* MainInteractorTests.swift */; };
		AA72724F2D5D1F1C00835958 /* MainPresenterTests.swift in Sources */ = {isa = PBXBuildFile; fileRef = AA72723A2D5D1F1C00835958 /* MainPresenterTests.swift */; };
		AA7272502D5D1F1C00835958 /* MainAPIRequestTests.swift in Sources */ = {isa = PBXBuildFile; fileRef = AA72723C2D5D1F1C00835958 /* MainAPIRequestTests.swift */; };
		AA7272512D5D1F1C00835958 /* MainServiceTests.swift in Sources */ = {isa = PBXBuildFile; fileRef = AA72723E2D5D1F1C00835958 /* MainServiceTests.swift */; };
		AA77D4A62B4B5EB30024315B /* GoogleService-Info.plist in Resources */ = {isa = PBXBuildFile; fileRef = AA77D4A52B4B5EB30024315B /* GoogleService-Info.plist */; };
		AA7B058E2A7292F500A5CECE /* Assets.xcassets in Resources */ = {isa = PBXBuildFile; fileRef = AA7B058D2A7292F500A5CECE /* Assets.xcassets */; };
		AA7B05912A7292F500A5CECE /* LaunchScreen.storyboard in Resources */ = {isa = PBXBuildFile; fileRef = AA7B058F2A7292F500A5CECE /* LaunchScreen.storyboard */; };
		CEE90FB88A10346CCE107F1C /* Pods_ViaCepTests.framework in Frameworks */ = {isa = PBXBuildFile; fileRef = B61AE57138EA1F2C9234460A /* Pods_ViaCepTests.framework */; };
/* End PBXBuildFile section */

/* Begin PBXContainerItemProxy section */
		AA7B05CC2A72C39000A5CECE /* PBXContainerItemProxy */ = {
			isa = PBXContainerItemProxy;
			containerPortal = AA7B05792A7292F300A5CECE /* Project object */;
			proxyType = 1;
			remoteGlobalIDString = AA7B05802A7292F300A5CECE;
			remoteInfo = ViaCep;
		};
/* End PBXContainerItemProxy section */

/* Begin PBXFileReference section */
		1E2BEC912C76325F6936F844 /* Pods-ViaCep.debug.xcconfig */ = {isa = PBXFileReference; includeInIndex = 1; lastKnownFileType = text.xcconfig; name = "Pods-ViaCep.debug.xcconfig"; path = "Target Support Files/Pods-ViaCep/Pods-ViaCep.debug.xcconfig"; sourceTree = "<group>"; };
		2DE833A5FF0F90DC279BFBA6 /* Pods-ViaCep.release.xcconfig */ = {isa = PBXFileReference; includeInIndex = 1; lastKnownFileType = text.xcconfig; name = "Pods-ViaCep.release.xcconfig"; path = "Target Support Files/Pods-ViaCep/Pods-ViaCep.release.xcconfig"; sourceTree = "<group>"; };
		80E28FCAAFB5CE5CF292C381 /* Pods-ViaCepTests.release.xcconfig */ = {isa = PBXFileReference; includeInIndex = 1; lastKnownFileType = text.xcconfig; name = "Pods-ViaCepTests.release.xcconfig"; path = "Target Support Files/Pods-ViaCepTests/Pods-ViaCepTests.release.xcconfig"; sourceTree = "<group>"; };
		A275710F298237CC13492090 /* Pods-ViaCepTests.debug.xcconfig */ = {isa = PBXFileReference; includeInIndex = 1; lastKnownFileType = text.xcconfig; name = "Pods-ViaCepTests.debug.xcconfig"; path = "Target Support Files/Pods-ViaCepTests/Pods-ViaCepTests.debug.xcconfig"; sourceTree = "<group>"; };
		AA28FF212DCFF41F0081C69F /* MemoryLeakDetection.swift */ = {isa = PBXFileReference; lastKnownFileType = sourcecode.swift; path = MemoryLeakDetection.swift; sourceTree = "<group>"; };
		AA28FF272DCFF5450081C69F /* ServiceMock.swift */ = {isa = PBXFileReference; lastKnownFileType = sourcecode.swift; path = ServiceMock.swift; sourceTree = "<group>"; };
		AA28FF292DCFF5B00081C69F /* MainViewControllerSpy.swift */ = {isa = PBXFileReference; lastKnownFileType = sourcecode.swift; path = MainViewControllerSpy.swift; sourceTree = "<group>"; };
		AA7271F92D5D1F1C00835958 /* AppDelegate.swift */ = {isa = PBXFileReference; lastKnownFileType = sourcecode.swift; path = AppDelegate.swift; sourceTree = "<group>"; };
		AA7271FC2D5D1F1C00835958 /* DataCep.swift */ = {isa = PBXFileReference; lastKnownFileType = sourcecode.swift; path = DataCep.swift; sourceTree = "<group>"; };
		AA7271FE2D5D1F1C00835958 /* MainFactory.swift */ = {isa = PBXFileReference; lastKnownFileType = sourcecode.swift; path = MainFactory.swift; sourceTree = "<group>"; };
		AA7272002D5D1F1C00835958 /* MainInteractor.swift */ = {isa = PBXFileReference; lastKnownFileType = sourcecode.swift; path = MainInteractor.swift; sourceTree = "<group>"; };
		AA7272022D5D1F1C00835958 /* MainPresenter.swift */ = {isa = PBXFileReference; lastKnownFileType = sourcecode.swift; path = MainPresenter.swift; sourceTree = "<group>"; };
		AA7272042D5D1F1C00835958 /* MainRequest.swift */ = {isa = PBXFileReference; lastKnownFileType = sourcecode.swift; path = MainRequest.swift; sourceTree = "<group>"; };
		AA7272052D5D1F1C00835958 /* MainService.swift */ = {isa = PBXFileReference; lastKnownFileType = sourcecode.swift; path = MainService.swift; sourceTree = "<group>"; };
		AA7272072D5D1F1C00835958 /* MainView.swift */ = {isa = PBXFileReference; lastKnownFileType = sourcecode.swift; path = MainView.swift; sourceTree = "<group>"; };
		AA7272082D5D1F1C00835958 /* MainViewController.swift */ = {isa = PBXFileReference; lastKnownFileType = sourcecode.swift; path = MainViewController.swift; sourceTree = "<group>"; };
		AA7272152D5D1F1C00835958 /* NSLayout+Extensions.swift */ = {isa = PBXFileReference; lastKnownFileType = sourcecode.swift; path = "NSLayout+Extensions.swift"; sourceTree = "<group>"; };
		AA7272172D5D1F1C00835958 /* NetworkingLogger.swift */ = {isa = PBXFileReference; lastKnownFileType = sourcecode.swift; path = NetworkingLogger.swift; sourceTree = "<group>"; };
		AA7272192D5D1F1C00835958 /* ViewCodeComponent.swift */ = {isa = PBXFileReference; lastKnownFileType = sourcecode.swift; path = ViewCodeComponent.swift; sourceTree = "<group>"; };
		AA72721B2D5D1F1C00835958 /* EmptyResponse.swift */ = {isa = PBXFileReference; lastKnownFileType = sourcecode.swift; path = EmptyResponse.swift; sourceTree = "<group>"; };
		AA72721C2D5D1F1C00835958 /* HttpMethod.swift */ = {isa = PBXFileReference; lastKnownFileType = sourcecode.swift; path = HttpMethod.swift; sourceTree = "<group>"; };
		AA72721D2D5D1F1C00835958 /* NetworkError.swift */ = {isa = PBXFileReference; lastKnownFileType = sourcecode.swift; path = NetworkError.swift; sourceTree = "<group>"; };
		AA72721E2D5D1F1C00835958 /* Networking.swift */ = {isa = PBXFileReference; lastKnownFileType = sourcecode.swift; path = Networking.swift; sourceTree = "<group>"; };
		AA72721F2D5D1F1C00835958 /* Request.swift */ = {isa = PBXFileReference; lastKnownFileType = sourcecode.swift; path = Request.swift; sourceTree = "<group>"; };
		AA7272202D5D1F1C00835958 /* Tasking.swift */ = {isa = PBXFileReference; lastKnownFileType = sourcecode.swift; path = Tasking.swift; sourceTree = "<group>"; };
		AA72722C2D5D1F1C00835958 /* Dummy.swift */ = {isa = PBXFileReference; lastKnownFileType = sourcecode.swift; path = Dummy.swift; sourceTree = "<group>"; };
		AA72722E2D5D1F1C00835958 /* RequestDummy.swift */ = {isa = PBXFileReference; lastKnownFileType = sourcecode.swift; path = RequestDummy.swift; sourceTree = "<group>"; };
		AA72722F2D5D1F1C00835958 /* TaskDummy.swift */ = {isa = PBXFileReference; lastKnownFileType = sourcecode.swift; path = TaskDummy.swift; sourceTree = "<group>"; };
		AA7272312D5D1F1C00835958 /* XCTestCase+Extension.swift */ = {isa = PBXFileReference; lastKnownFileType = sourcecode.swift; path = "XCTestCase+Extension.swift"; sourceTree = "<group>"; };
		AA7272332D5D1F1C00835958 /* MainPresenterSpy.swift */ = {isa = PBXFileReference; lastKnownFileType = sourcecode.swift; path = MainPresenterSpy.swift; sourceTree = "<group>"; };
		AA7272342D5D1F1C00835958 /* MainServiceSpy.swift */ = {isa = PBXFileReference; lastKnownFileType = sourcecode.swift; path = MainServiceSpy.swift; sourceTree = "<group>"; };
		AA7272352D5D1F1C00835958 /* NetworkingSpy.swift */ = {isa = PBXFileReference; lastKnownFileType = sourcecode.swift; path = NetworkingSpy.swift; sourceTree = "<group>"; };
		AA7272382D5D1F1C00835958 /* MainInteractorTests.swift */ = {isa = PBXFileReference; lastKnownFileType = sourcecode.swift; path = MainInteractorTests.swift; sourceTree = "<group>"; };
		AA72723A2D5D1F1C00835958 /* MainPresenterTests.swift */ = {isa = PBXFileReference; lastKnownFileType = sourcecode.swift; path = MainPresenterTests.swift; sourceTree = "<group>"; };
		AA72723C2D5D1F1C00835958 /* MainAPIRequestTests.swift */ = {isa = PBXFileReference; lastKnownFileType = sourcecode.swift; path = MainAPIRequestTests.swift; sourceTree = "<group>"; };
		AA72723E2D5D1F1C00835958 /* MainServiceTests.swift */ = {isa = PBXFileReference; lastKnownFileType = sourcecode.swift; path = MainServiceTests.swift; sourceTree = "<group>"; };
		AA7272452D5D1F1C00835958 /* ViaCep.xctestplan */ = {isa = PBXFileReference; lastKnownFileType = text; path = ViaCep.xctestplan; sourceTree = "<group>"; };
		AA77D4A52B4B5EB30024315B /* GoogleService-Info.plist */ = {isa = PBXFileReference; fileEncoding = 4; lastKnownFileType = text.plist.xml; path = "GoogleService-Info.plist"; sourceTree = "<group>"; };
		AA7B05812A7292F300A5CECE /* ViaCep.app */ = {isa = PBXFileReference; explicitFileType = wrapper.application; includeInIndex = 0; path = ViaCep.app; sourceTree = BUILT_PRODUCTS_DIR; };
		AA7B058D2A7292F500A5CECE /* Assets.xcassets */ = {isa = PBXFileReference; lastKnownFileType = folder.assetcatalog; path = Assets.xcassets; sourceTree = "<group>"; };
		AA7B05902A7292F500A5CECE /* Base */ = {isa = PBXFileReference; lastKnownFileType = file.storyboard; name = Base; path = Base.lproj/LaunchScreen.storyboard; sourceTree = "<group>"; };
		AA7B05922A7292F500A5CECE /* Info.plist */ = {isa = PBXFileReference; lastKnownFileType = text.plist.xml; path = Info.plist; sourceTree = "<group>"; };
		AA7B05C82A72C39000A5CECE /* ViaCepTests.xctest */ = {isa = PBXFileReference; explicitFileType = wrapper.cfbundle; includeInIndex = 0; path = ViaCepTests.xctest; sourceTree = BUILT_PRODUCTS_DIR; };
		B61AE57138EA1F2C9234460A /* Pods_ViaCepTests.framework */ = {isa = PBXFileReference; explicitFileType = wrapper.framework; includeInIndex = 0; path = Pods_ViaCepTests.framework; sourceTree = BUILT_PRODUCTS_DIR; };
		FEFE4AE8A3C77BA9D63B461B /* Pods_ViaCep.framework */ = {isa = PBXFileReference; explicitFileType = wrapper.framework; includeInIndex = 0; path = Pods_ViaCep.framework; sourceTree = BUILT_PRODUCTS_DIR; };
/* End PBXFileReference section */

/* Begin PBXFrameworksBuildPhase section */
		AA7B057E2A7292F300A5CECE /* Frameworks */ = {
			isa = PBXFrameworksBuildPhase;
			buildActionMask = 2147483647;
			files = (
				150EF8FC286D5A2268F71D91 /* Pods_ViaCep.framework in Frameworks */,
			);
			runOnlyForDeploymentPostprocessing = 0;
		};
		AA7B05C52A72C39000A5CECE /* Frameworks */ = {
			isa = PBXFrameworksBuildPhase;
			buildActionMask = 2147483647;
			files = (
				CEE90FB88A10346CCE107F1C /* Pods_ViaCepTests.framework in Frameworks */,
			);
			runOnlyForDeploymentPostprocessing = 0;
		};
/* End PBXFrameworksBuildPhase section */

/* Begin PBXGroup section */
		8A37642C05C393B95E83BD40 /* Pods */ = {
			isa = PBXGroup;
			children = (
				1E2BEC912C76325F6936F844 /* Pods-ViaCep.debug.xcconfig */,
				2DE833A5FF0F90DC279BFBA6 /* Pods-ViaCep.release.xcconfig */,
				A275710F298237CC13492090 /* Pods-ViaCepTests.debug.xcconfig */,
				80E28FCAAFB5CE5CF292C381 /* Pods-ViaCepTests.release.xcconfig */,
			);
			path = Pods;
			sourceTree = "<group>";
		};
		8BE2E1BD38741ABAF8F12104 /* Frameworks */ = {
			isa = PBXGroup;
			children = (
				FEFE4AE8A3C77BA9D63B461B /* Pods_ViaCep.framework */,
				B61AE57138EA1F2C9234460A /* Pods_ViaCepTests.framework */,
			);
			name = Frameworks;
			sourceTree = "<group>";
		};
		AA28FF202DCFF4170081C69F /* MemoryLeakTracker */ = {
			isa = PBXGroup;
			children = (
				AA28FF212DCFF41F0081C69F /* MemoryLeakDetection.swift */,
			);
			path = MemoryLeakTracker;
			sourceTree = "<group>";
		};
		AA28FF242DCFF4FA0081C69F /* Helpers */ = {
			isa = PBXGroup;
			children = (
				AA7272302D5D1F1C00835958 /* Dummies */,
				AA28FF262DCFF5130081C69F /* Spies */,
				AA28FF252DCFF5030081C69F /* Mockies */,
			);
			path = Helpers;
			sourceTree = "<group>";
		};
		AA28FF252DCFF5030081C69F /* Mockies */ = {
			isa = PBXGroup;
			children = (
				AA28FF272DCFF5450081C69F /* ServiceMock.swift */,
			);
			path = Mockies;
			sourceTree = "<group>";
		};
		AA28FF262DCFF5130081C69F /* Spies */ = {
			isa = PBXGroup;
			children = (
				AA28FF292DCFF5B00081C69F /* MainViewControllerSpy.swift */,
				AA7272332D5D1F1C00835958 /* MainPresenterSpy.swift */,
				AA7272342D5D1F1C00835958 /* MainServiceSpy.swift */,
				AA7272352D5D1F1C00835958 /* NetworkingSpy.swift */,
			);
			path = Spies;
			sourceTree = "<group>";
		};
		AA7271FA2D5D1F1C00835958 /* Start */ = {
			isa = PBXGroup;
			children = (
				AA7271F92D5D1F1C00835958 /* AppDelegate.swift */,
			);
			path = Start;
			sourceTree = "<group>";
		};
		AA7271FD2D5D1F1C00835958 /* Domain */ = {
			isa = PBXGroup;
			children = (
				AA7271FC2D5D1F1C00835958 /* DataCep.swift */,
			);
			path = Domain;
			sourceTree = "<group>";
		};
		AA7271FF2D5D1F1C00835958 /* Factory */ = {
			isa = PBXGroup;
			children = (
				AA7271FE2D5D1F1C00835958 /* MainFactory.swift */,
			);
			path = Factory;
			sourceTree = "<group>";
		};
		AA7272012D5D1F1C00835958 /* Interactor */ = {
			isa = PBXGroup;
			children = (
				AA7272002D5D1F1C00835958 /* MainInteractor.swift */,
			);
			path = Interactor;
			sourceTree = "<group>";
		};
		AA7272032D5D1F1C00835958 /* Presenter */ = {
			isa = PBXGroup;
			children = (
				AA7272022D5D1F1C00835958 /* MainPresenter.swift */,
			);
			path = Presenter;
			sourceTree = "<group>";
		};
		AA7272062D5D1F1C00835958 /* Service */ = {
			isa = PBXGroup;
			children = (
				AA7272042D5D1F1C00835958 /* MainRequest.swift */,
				AA7272052D5D1F1C00835958 /* MainService.swift */,
			);
			path = Service;
			sourceTree = "<group>";
		};
		AA7272092D5D1F1C00835958 /* UI */ = {
			isa = PBXGroup;
			children = (
				AA7272072D5D1F1C00835958 /* MainView.swift */,
				AA7272082D5D1F1C00835958 /* MainViewController.swift */,
			);
			path = UI;
			sourceTree = "<group>";
		};
		AA72720A2D5D1F1C00835958 /* Main */ = {
			isa = PBXGroup;
			children = (
				AA7271FD2D5D1F1C00835958 /* Domain */,
				AA7271FF2D5D1F1C00835958 /* Factory */,
				AA7272012D5D1F1C00835958 /* Interactor */,
				AA7272032D5D1F1C00835958 /* Presenter */,
				AA7272062D5D1F1C00835958 /* Service */,
				AA7272092D5D1F1C00835958 /* UI */,
			);
			path = Main;
			sourceTree = "<group>";
		};
		AA72720B2D5D1F1C00835958 /* Scene */ = {
			isa = PBXGroup;
			children = (
				AA72720A2D5D1F1C00835958 /* Main */,
			);
			path = Scene;
			sourceTree = "<group>";
		};
		AA72720C2D5D1F1C00835958 /* Features */ = {
			isa = PBXGroup;
			children = (
				AA72720B2D5D1F1C00835958 /* Scene */,
			);
			path = Features;
			sourceTree = "<group>";
		};
		AA7272162D5D1F1C00835958 /* NSLayout */ = {
			isa = PBXGroup;
			children = (
				AA7272152D5D1F1C00835958 /* NSLayout+Extensions.swift */,
			);
			path = NSLayout;
			sourceTree = "<group>";
		};
		AA7272182D5D1F1C00835958 /* RequestLogger */ = {
			isa = PBXGroup;
			children = (
				AA7272172D5D1F1C00835958 /* NetworkingLogger.swift */,
			);
			path = RequestLogger;
			sourceTree = "<group>";
		};
		AA72721A2D5D1F1C00835958 /* ViewCodeComponent */ = {
			isa = PBXGroup;
			children = (
				AA7272192D5D1F1C00835958 /* ViewCodeComponent.swift */,
			);
			path = ViewCodeComponent;
			sourceTree = "<group>";
		};
		AA7272212D5D1F1C00835958 /* WebService */ = {
			isa = PBXGroup;
			children = (
				AA72721B2D5D1F1C00835958 /* EmptyResponse.swift */,
				AA72721C2D5D1F1C00835958 /* HttpMethod.swift */,
				AA72721D2D5D1F1C00835958 /* NetworkError.swift */,
				AA72721E2D5D1F1C00835958 /* Networking.swift */,
				AA72721F2D5D1F1C00835958 /* Request.swift */,
				AA7272202D5D1F1C00835958 /* Tasking.swift */,
			);
			path = WebService;
			sourceTree = "<group>";
		};
		AA7272222D5D1F1C00835958 /* Shared */ = {
			isa = PBXGroup;
			children = (
				AA7272162D5D1F1C00835958 /* NSLayout */,
				AA7272182D5D1F1C00835958 /* RequestLogger */,
				AA72721A2D5D1F1C00835958 /* ViewCodeComponent */,
				AA7272212D5D1F1C00835958 /* WebService */,
			);
			path = Shared;
			sourceTree = "<group>";
		};
		AA72722D2D5D1F1C00835958 /* Dummy */ = {
			isa = PBXGroup;
			children = (
				AA72722C2D5D1F1C00835958 /* Dummy.swift */,
			);
			path = Dummy;
			sourceTree = "<group>";
		};
		AA7272302D5D1F1C00835958 /* Dummies */ = {
			isa = PBXGroup;
			children = (
				AA72722E2D5D1F1C00835958 /* RequestDummy.swift */,
				AA72722F2D5D1F1C00835958 /* TaskDummy.swift */,
			);
			path = Dummies;
			sourceTree = "<group>";
		};
		AA7272322D5D1F1C00835958 /* Extension */ = {
			isa = PBXGroup;
			children = (
				AA7272312D5D1F1C00835958 /* XCTestCase+Extension.swift */,
			);
			path = Extension;
			sourceTree = "<group>";
		};
		AA7272372D5D1F1C00835958 /* Helpers */ = {
			isa = PBXGroup;
			children = (
				AA28FF202DCFF4170081C69F /* MemoryLeakTracker */,
				AA7272322D5D1F1C00835958 /* Extension */,
			);
			path = Helpers;
			sourceTree = "<group>";
		};
		AA7272392D5D1F1C00835958 /* Interactor */ = {
			isa = PBXGroup;
			children = (
				AA7272382D5D1F1C00835958 /* MainInteractorTests.swift */,
			);
			path = Interactor;
			sourceTree = "<group>";
		};
		AA72723B2D5D1F1C00835958 /* Presenter */ = {
			isa = PBXGroup;
			children = (
				AA72723A2D5D1F1C00835958 /* MainPresenterTests.swift */,
			);
			path = Presenter;
			sourceTree = "<group>";
		};
		AA72723D2D5D1F1C00835958 /* Request */ = {
			isa = PBXGroup;
			children = (
				AA72723C2D5D1F1C00835958 /* MainAPIRequestTests.swift */,
			);
			path = Request;
			sourceTree = "<group>";
		};
		AA72723F2D5D1F1C00835958 /* Service */ = {
			isa = PBXGroup;
			children = (
				AA72723E2D5D1F1C00835958 /* MainServiceTests.swift */,
			);
			path = Service;
			sourceTree = "<group>";
		};
		AA7272402D5D1F1C00835958 /* MainTests */ = {
			isa = PBXGroup;
			children = (
				AA28FF242DCFF4FA0081C69F /* Helpers */,
				AA7272392D5D1F1C00835958 /* Interactor */,
				AA72723B2D5D1F1C00835958 /* Presenter */,
				AA72723D2D5D1F1C00835958 /* Request */,
				AA72723F2D5D1F1C00835958 /* Service */,
			);
			path = MainTests;
			sourceTree = "<group>";
		};
		AA7272412D5D1F1C00835958 /* Scenes */ = {
			isa = PBXGroup;
			children = (
				AA7272372D5D1F1C00835958 /* Helpers */,
				AA7272402D5D1F1C00835958 /* MainTests */,
			);
			path = Scenes;
			sourceTree = "<group>";
		};
		AA7272422D5D1F1C00835958 /* Features */ = {
			isa = PBXGroup;
			children = (
				AA7272412D5D1F1C00835958 /* Scenes */,
			);
			path = Features;
			sourceTree = "<group>";
		};
		AA7272462D5D1F1C00835958 /* ViaCepTests */ = {
			isa = PBXGroup;
			children = (
				AA72722D2D5D1F1C00835958 /* Dummy */,
				AA7272422D5D1F1C00835958 /* Features */,
				AA7272452D5D1F1C00835958 /* ViaCep.xctestplan */,
			);
			path = ViaCepTests;
			sourceTree = "<group>";
		};
		AA7B05782A7292F300A5CECE = {
			isa = PBXGroup;
			children = (
				AA7B05832A7292F300A5CECE /* ViaCep */,
				AA7272462D5D1F1C00835958 /* ViaCepTests */,
				AA7B05822A7292F300A5CECE /* Products */,
				8A37642C05C393B95E83BD40 /* Pods */,
				8BE2E1BD38741ABAF8F12104 /* Frameworks */,
			);
			sourceTree = "<group>";
		};
		AA7B05822A7292F300A5CECE /* Products */ = {
			isa = PBXGroup;
			children = (
				AA7B05812A7292F300A5CECE /* ViaCep.app */,
				AA7B05C82A72C39000A5CECE /* ViaCepTests.xctest */,
			);
			name = Products;
			sourceTree = "<group>";
		};
		AA7B05832A7292F300A5CECE /* ViaCep */ = {
			isa = PBXGroup;
			children = (
				AA7271FA2D5D1F1C00835958 /* Start */,
				AA7272222D5D1F1C00835958 /* Shared */,
				AA72720C2D5D1F1C00835958 /* Features */,
				AA7B05982A72930500A5CECE /* SupportingFiles */,
			);
			path = ViaCep;
			sourceTree = "<group>";
		};
		AA7B05982A72930500A5CECE /* SupportingFiles */ = {
			isa = PBXGroup;
			children = (
				AA7B05922A7292F500A5CECE /* Info.plist */,
				AA7B058D2A7292F500A5CECE /* Assets.xcassets */,
				AA7B058F2A7292F500A5CECE /* LaunchScreen.storyboard */,
				AA77D4A52B4B5EB30024315B /* GoogleService-Info.plist */,
			);
			path = SupportingFiles;
			sourceTree = "<group>";
		};
/* End PBXGroup section */

/* Begin PBXNativeTarget section */
		AA7B05802A7292F300A5CECE /* ViaCep */ = {
			isa = PBXNativeTarget;
			buildConfigurationList = AA7B05952A7292F500A5CECE /* Build configuration list for PBXNativeTarget "ViaCep" */;
			buildPhases = (
				A6FB1EB55115BDBCE63A4BA4 /* [CP] Check Pods Manifest.lock */,
				AA7B057D2A7292F300A5CECE /* Sources */,
				AA7B057E2A7292F300A5CECE /* Frameworks */,
				AA7B057F2A7292F300A5CECE /* Resources */,
			);
			buildRules = (
			);
			dependencies = (
			);
			name = ViaCep;
			productName = ViaCep;
			productReference = AA7B05812A7292F300A5CECE /* ViaCep.app */;
			productType = "com.apple.product-type.application";
		};
		AA7B05C72A72C39000A5CECE /* ViaCepTests */ = {
			isa = PBXNativeTarget;
			buildConfigurationList = AA7B05CE2A72C39000A5CECE /* Build configuration list for PBXNativeTarget "ViaCepTests" */;
			buildPhases = (
				D48B5B2652B212B9240D23AB /* [CP] Check Pods Manifest.lock */,
				AA7B05C42A72C39000A5CECE /* Sources */,
				AA7B05C52A72C39000A5CECE /* Frameworks */,
				AA7B05C62A72C39000A5CECE /* Resources */,
				F70888B4D9DFC7025DFC9260 /* [CP] Embed Pods Frameworks */,
			);
			buildRules = (
			);
			dependencies = (
				AA7B05CD2A72C39000A5CECE /* PBXTargetDependency */,
			);
			name = ViaCepTests;
			productName = ViaCepTests;
			productReference = AA7B05C82A72C39000A5CECE /* ViaCepTests.xctest */;
			productType = "com.apple.product-type.bundle.unit-test";
		};
/* End PBXNativeTarget section */

/* Begin PBXProject section */
		AA7B05792A7292F300A5CECE /* Project object */ = {
			isa = PBXProject;
			attributes = {
				BuildIndependentTargetsInParallel = 1;
				LastSwiftUpdateCheck = 1520;
				LastUpgradeCheck = 1620;
				TargetAttributes = {
					AA7B05802A7292F300A5CECE = {
						CreatedOnToolsVersion = 14.3.1;
					};
					AA7B05C72A72C39000A5CECE = {
						CreatedOnToolsVersion = 14.3.1;
						LastSwiftMigration = 1430;
						TestTargetID = AA7B05802A7292F300A5CECE;
					};
				};
			};
			buildConfigurationList = AA7B057C2A7292F300A5CECE /* Build configuration list for PBXProject "ViaCep" */;
			compatibilityVersion = "Xcode 14.0";
			developmentRegion = en;
			hasScannedForEncodings = 0;
			knownRegions = (
				en,
				Base,
			);
			mainGroup = AA7B05782A7292F300A5CECE;
			productRefGroup = AA7B05822A7292F300A5CECE /* Products */;
			projectDirPath = "";
			projectRoot = "";
			targets = (
				AA7B05802A7292F300A5CECE /* ViaCep */,
				AA7B05C72A72C39000A5CECE /* ViaCepTests */,
			);
		};
/* End PBXProject section */

/* Begin PBXResourcesBuildPhase section */
		AA7B057F2A7292F300A5CECE /* Resources */ = {
			isa = PBXResourcesBuildPhase;
			buildActionMask = 2147483647;
			files = (
				AA7B05912A7292F500A5CECE /* LaunchScreen.storyboard in Resources */,
				AA7B058E2A7292F500A5CECE /* Assets.xcassets in Resources */,
				AA77D4A62B4B5EB30024315B /* GoogleService-Info.plist in Resources */,
			);
			runOnlyForDeploymentPostprocessing = 0;
		};
		AA7B05C62A72C39000A5CECE /* Resources */ = {
			isa = PBXResourcesBuildPhase;
			buildActionMask = 2147483647;
			files = (
			);
			runOnlyForDeploymentPostprocessing = 0;
		};
/* End PBXResourcesBuildPhase section */

/* Begin PBXShellScriptBuildPhase section */
		A6FB1EB55115BDBCE63A4BA4 /* [CP] Check Pods Manifest.lock */ = {
			isa = PBXShellScriptBuildPhase;
			buildActionMask = 2147483647;
			files = (
			);
			inputFileListPaths = (
			);
			inputPaths = (
				"${PODS_PODFILE_DIR_PATH}/Podfile.lock",
				"${PODS_ROOT}/Manifest.lock",
			);
			name = "[CP] Check Pods Manifest.lock";
			outputFileListPaths = (
			);
			outputPaths = (
				"$(DERIVED_FILE_DIR)/Pods-ViaCep-checkManifestLockResult.txt",
			);
			runOnlyForDeploymentPostprocessing = 0;
			shellPath = /bin/sh;
			shellScript = "diff \"${PODS_PODFILE_DIR_PATH}/Podfile.lock\" \"${PODS_ROOT}/Manifest.lock\" > /dev/null\nif [ $? != 0 ] ; then\n    # print error to STDERR\n    echo \"error: The sandbox is not in sync with the Podfile.lock. Run 'pod install' or update your CocoaPods installation.\" >&2\n    exit 1\nfi\n# This output is used by Xcode 'outputs' to avoid re-running this script phase.\necho \"SUCCESS\" > \"${SCRIPT_OUTPUT_FILE_0}\"\n";
			showEnvVarsInLog = 0;
		};
		D48B5B2652B212B9240D23AB /* [CP] Check Pods Manifest.lock */ = {
			isa = PBXShellScriptBuildPhase;
			buildActionMask = 2147483647;
			files = (
			);
			inputFileListPaths = (
			);
			inputPaths = (
				"${PODS_PODFILE_DIR_PATH}/Podfile.lock",
				"${PODS_ROOT}/Manifest.lock",
			);
			name = "[CP] Check Pods Manifest.lock";
			outputFileListPaths = (
			);
			outputPaths = (
				"$(DERIVED_FILE_DIR)/Pods-ViaCepTests-checkManifestLockResult.txt",
			);
			runOnlyForDeploymentPostprocessing = 0;
			shellPath = /bin/sh;
			shellScript = "diff \"${PODS_PODFILE_DIR_PATH}/Podfile.lock\" \"${PODS_ROOT}/Manifest.lock\" > /dev/null\nif [ $? != 0 ] ; then\n    # print error to STDERR\n    echo \"error: The sandbox is not in sync with the Podfile.lock. Run 'pod install' or update your CocoaPods installation.\" >&2\n    exit 1\nfi\n# This output is used by Xcode 'outputs' to avoid re-running this script phase.\necho \"SUCCESS\" > \"${SCRIPT_OUTPUT_FILE_0}\"\n";
			showEnvVarsInLog = 0;
		};
		F70888B4D9DFC7025DFC9260 /* [CP] Embed Pods Frameworks */ = {
			isa = PBXShellScriptBuildPhase;
			buildActionMask = 2147483647;
			files = (
			);
			inputFileListPaths = (
				"${PODS_ROOT}/Target Support Files/Pods-ViaCepTests/Pods-ViaCepTests-frameworks-${CONFIGURATION}-input-files.xcfilelist",
			);
			inputPaths = (
			);
			name = "[CP] Embed Pods Frameworks";
			outputFileListPaths = (
				"${PODS_ROOT}/Target Support Files/Pods-ViaCepTests/Pods-ViaCepTests-frameworks-${CONFIGURATION}-output-files.xcfilelist",
			);
			outputPaths = (
			);
			runOnlyForDeploymentPostprocessing = 0;
			shellPath = /bin/sh;
			shellScript = "\"${PODS_ROOT}/Target Support Files/Pods-ViaCepTests/Pods-ViaCepTests-frameworks.sh\"\n";
			showEnvVarsInLog = 0;
		};
/* End PBXShellScriptBuildPhase section */

/* Begin PBXSourcesBuildPhase section */
		AA7B057D2A7292F300A5CECE /* Sources */ = {
			isa = PBXSourcesBuildPhase;
			buildActionMask = 2147483647;
			files = (
				AA72720D2D5D1F1C00835958 /* DataCep.swift in Sources */,
				AA72720E2D5D1F1C00835958 /* MainFactory.swift in Sources */,
				AA7272232D5D1F1C00835958 /* NSLayout+Extensions.swift in Sources */,
				AA7272242D5D1F1C00835958 /* NetworkingLogger.swift in Sources */,
				AA7272252D5D1F1C00835958 /* ViewCodeComponent.swift in Sources */,
				AA7272262D5D1F1C00835958 /* EmptyResponse.swift in Sources */,
				AA7272272D5D1F1C00835958 /* HttpMethod.swift in Sources */,
				AA7272282D5D1F1C00835958 /* NetworkError.swift in Sources */,
				AA7272292D5D1F1C00835958 /* Networking.swift in Sources */,
				AA72722A2D5D1F1C00835958 /* Request.swift in Sources */,
				AA72722B2D5D1F1C00835958 /* Tasking.swift in Sources */,
				AA72720F2D5D1F1C00835958 /* MainInteractor.swift in Sources */,
				AA7272102D5D1F1C00835958 /* MainPresenter.swift in Sources */,
				AA7272112D5D1F1C00835958 /* MainRequest.swift in Sources */,
				AA7272122D5D1F1C00835958 /* MainService.swift in Sources */,
				AA7272132D5D1F1C00835958 /* MainView.swift in Sources */,
				AA7272142D5D1F1C00835958 /* MainViewController.swift in Sources */,
				AA7271FB2D5D1F1C00835958 /* AppDelegate.swift in Sources */,
			);
			runOnlyForDeploymentPostprocessing = 0;
		};
		AA7B05C42A72C39000A5CECE /* Sources */ = {
			isa = PBXSourcesBuildPhase;
			buildActionMask = 2147483647;
			files = (
				AA28FF222DCFF4200081C69F /* MemoryLeakDetection.swift in Sources */,
				AA7272472D5D1F1C00835958 /* Dummy.swift in Sources */,
				AA7272482D5D1F1C00835958 /* RequestDummy.swift in Sources */,
				AA7272492D5D1F1C00835958 /* TaskDummy.swift in Sources */,
				AA72724A2D5D1F1C00835958 /* XCTestCase+Extension.swift in Sources */,
				AA28FF2A2DCFF5B20081C69F /* MainViewControllerSpy.swift in Sources */,
				AA28FF282DCFF5460081C69F /* ServiceMock.swift in Sources */,
				AA72724B2D5D1F1C00835958 /* MainPresenterSpy.swift in Sources */,
				AA72724C2D5D1F1C00835958 /* MainServiceSpy.swift in Sources */,
				AA72724D2D5D1F1C00835958 /* NetworkingSpy.swift in Sources */,
				AA72724E2D5D1F1C00835958 /* MainInteractorTests.swift in Sources */,
				AA72724F2D5D1F1C00835958 /* MainPresenterTests.swift in Sources */,
				AA7272502D5D1F1C00835958 /* MainAPIRequestTests.swift in Sources */,
				AA7272512D5D1F1C00835958 /* MainServiceTests.swift in Sources */,
			);
			runOnlyForDeploymentPostprocessing = 0;
		};
/* End PBXSourcesBuildPhase section */

/* Begin PBXTargetDependency section */
		AA7B05CD2A72C39000A5CECE /* PBXTargetDependency */ = {
			isa = PBXTargetDependency;
			target = AA7B05802A7292F300A5CECE /* ViaCep */;
			targetProxy = AA7B05CC2A72C39000A5CECE /* PBXContainerItemProxy */;
		};
/* End PBXTargetDependency section */

/* Begin PBXVariantGroup section */
		AA7B058F2A7292F500A5CECE /* LaunchScreen.storyboard */ = {
			isa = PBXVariantGroup;
			children = (
				AA7B05902A7292F500A5CECE /* Base */,
			);
			name = LaunchScreen.storyboard;
			sourceTree = "<group>";
		};
/* End PBXVariantGroup section */

/* Begin XCBuildConfiguration section */
		AA7B05932A7292F500A5CECE /* Debug */ = {
			isa = XCBuildConfiguration;
			buildSettings = {
				ALWAYS_SEARCH_USER_PATHS = NO;
				ASSETCATALOG_COMPILER_GENERATE_SWIFT_ASSET_SYMBOL_EXTENSIONS = YES;
				CLANG_ANALYZER_NONNULL = YES;
				CLANG_ANALYZER_NUMBER_OBJECT_CONVERSION = YES_AGGRESSIVE;
				CLANG_CXX_LANGUAGE_STANDARD = "gnu++20";
				CLANG_ENABLE_MODULES = YES;
				CLANG_ENABLE_OBJC_ARC = YES;
				CLANG_ENABLE_OBJC_WEAK = YES;
				CLANG_WARN_BLOCK_CAPTURE_AUTORELEASING = YES;
				CLANG_WARN_BOOL_CONVERSION = YES;
				CLANG_WARN_COMMA = YES;
				CLANG_WARN_CONSTANT_CONVERSION = YES;
				CLANG_WARN_DEPRECATED_OBJC_IMPLEMENTATIONS = YES;
				CLANG_WARN_DIRECT_OBJC_ISA_USAGE = YES_ERROR;
				CLANG_WARN_DOCUMENTATION_COMMENTS = YES;
				CLANG_WARN_EMPTY_BODY = YES;
				CLANG_WARN_ENUM_CONVERSION = YES;
				CLANG_WARN_INFINITE_RECURSION = YES;
				CLANG_WARN_INT_CONVERSION = YES;
				CLANG_WARN_NON_LITERAL_NULL_CONVERSION = YES;
				CLANG_WARN_OBJC_IMPLICIT_RETAIN_SELF = YES;
				CLANG_WARN_OBJC_LITERAL_CONVERSION = YES;
				CLANG_WARN_OBJC_ROOT_CLASS = YES_ERROR;
				CLANG_WARN_QUOTED_INCLUDE_IN_FRAMEWORK_HEADER = YES;
				CLANG_WARN_RANGE_LOOP_ANALYSIS = YES;
				CLANG_WARN_STRICT_PROTOTYPES = YES;
				CLANG_WARN_SUSPICIOUS_MOVE = YES;
				CLANG_WARN_UNGUARDED_AVAILABILITY = YES_AGGRESSIVE;
				CLANG_WARN_UNREACHABLE_CODE = YES;
				CLANG_WARN__DUPLICATE_METHOD_MATCH = YES;
				COPY_PHASE_STRIP = NO;
				DEBUG_INFORMATION_FORMAT = dwarf;
				ENABLE_STRICT_OBJC_MSGSEND = YES;
				ENABLE_TESTABILITY = YES;
				ENABLE_USER_SCRIPT_SANDBOXING = NO;
				GCC_C_LANGUAGE_STANDARD = gnu11;
				GCC_DYNAMIC_NO_PIC = NO;
				GCC_NO_COMMON_BLOCKS = YES;
				GCC_OPTIMIZATION_LEVEL = 0;
				GCC_PREPROCESSOR_DEFINITIONS = (
					"DEBUG=1",
					"$(inherited)",
				);
				GCC_WARN_64_TO_32_BIT_CONVERSION = YES;
				GCC_WARN_ABOUT_RETURN_TYPE = YES_ERROR;
				GCC_WARN_UNDECLARED_SELECTOR = YES;
				GCC_WARN_UNINITIALIZED_AUTOS = YES_AGGRESSIVE;
				GCC_WARN_UNUSED_FUNCTION = YES;
				GCC_WARN_UNUSED_VARIABLE = YES;
				IPHONEOS_DEPLOYMENT_TARGET = 17.2;
				MTL_ENABLE_DEBUG_INFO = INCLUDE_SOURCE;
				MTL_FAST_MATH = YES;
				ONLY_ACTIVE_ARCH = YES;
				SDKROOT = iphoneos;
				SWIFT_ACTIVE_COMPILATION_CONDITIONS = DEBUG;
				SWIFT_OPTIMIZATION_LEVEL = "-Onone";
			};
			name = Debug;
		};
		AA7B05942A7292F500A5CECE /* Release */ = {
			isa = XCBuildConfiguration;
			buildSettings = {
				ALWAYS_SEARCH_USER_PATHS = NO;
				ASSETCATALOG_COMPILER_GENERATE_SWIFT_ASSET_SYMBOL_EXTENSIONS = YES;
				CLANG_ANALYZER_NONNULL = YES;
				CLANG_ANALYZER_NUMBER_OBJECT_CONVERSION = YES_AGGRESSIVE;
				CLANG_CXX_LANGUAGE_STANDARD = "gnu++20";
				CLANG_ENABLE_MODULES = YES;
				CLANG_ENABLE_OBJC_ARC = YES;
				CLANG_ENABLE_OBJC_WEAK = YES;
				CLANG_WARN_BLOCK_CAPTURE_AUTORELEASING = YES;
				CLANG_WARN_BOOL_CONVERSION = YES;
				CLANG_WARN_COMMA = YES;
				CLANG_WARN_CONSTANT_CONVERSION = YES;
				CLANG_WARN_DEPRECATED_OBJC_IMPLEMENTATIONS = YES;
				CLANG_WARN_DIRECT_OBJC_ISA_USAGE = YES_ERROR;
				CLANG_WARN_DOCUMENTATION_COMMENTS = YES;
				CLANG_WARN_EMPTY_BODY = YES;
				CLANG_WARN_ENUM_CONVERSION = YES;
				CLANG_WARN_INFINITE_RECURSION = YES;
				CLANG_WARN_INT_CONVERSION = YES;
				CLANG_WARN_NON_LITERAL_NULL_CONVERSION = YES;
				CLANG_WARN_OBJC_IMPLICIT_RETAIN_SELF = YES;
				CLANG_WARN_OBJC_LITERAL_CONVERSION = YES;
				CLANG_WARN_OBJC_ROOT_CLASS = YES_ERROR;
				CLANG_WARN_QUOTED_INCLUDE_IN_FRAMEWORK_HEADER = YES;
				CLANG_WARN_RANGE_LOOP_ANALYSIS = YES;
				CLANG_WARN_STRICT_PROTOTYPES = YES;
				CLANG_WARN_SUSPICIOUS_MOVE = YES;
				CLANG_WARN_UNGUARDED_AVAILABILITY = YES_AGGRESSIVE;
				CLANG_WARN_UNREACHABLE_CODE = YES;
				CLANG_WARN__DUPLICATE_METHOD_MATCH = YES;
				COPY_PHASE_STRIP = NO;
				DEBUG_INFORMATION_FORMAT = "dwarf-with-dsym";
				ENABLE_NS_ASSERTIONS = NO;
				ENABLE_STRICT_OBJC_MSGSEND = YES;
				ENABLE_USER_SCRIPT_SANDBOXING = NO;
				GCC_C_LANGUAGE_STANDARD = gnu11;
				GCC_NO_COMMON_BLOCKS = YES;
				GCC_WARN_64_TO_32_BIT_CONVERSION = YES;
				GCC_WARN_ABOUT_RETURN_TYPE = YES_ERROR;
				GCC_WARN_UNDECLARED_SELECTOR = YES;
				GCC_WARN_UNINITIALIZED_AUTOS = YES_AGGRESSIVE;
				GCC_WARN_UNUSED_FUNCTION = YES;
				GCC_WARN_UNUSED_VARIABLE = YES;
				IPHONEOS_DEPLOYMENT_TARGET = 17.2;
				MTL_ENABLE_DEBUG_INFO = NO;
				MTL_FAST_MATH = YES;
				SDKROOT = iphoneos;
				SWIFT_COMPILATION_MODE = wholemodule;
				SWIFT_OPTIMIZATION_LEVEL = "-O";
				VALIDATE_PRODUCT = YES;
			};
			name = Release;
		};
		AA7B05962A7292F500A5CECE /* Debug */ = {
			isa = XCBuildConfiguration;
			baseConfigurationReference = 1E2BEC912C76325F6936F844 /* Pods-ViaCep.debug.xcconfig */;
			buildSettings = {
				ASSETCATALOG_COMPILER_APPICON_NAME = AppIcon;
				ASSETCATALOG_COMPILER_GLOBAL_ACCENT_COLOR_NAME = AccentColor;
				CODE_SIGN_IDENTITY = "Apple Development";
				CODE_SIGN_STYLE = Automatic;
				CURRENT_PROJECT_VERSION = 1;
				DEVELOPMENT_TEAM = "";
				GENERATE_INFOPLIST_FILE = YES;
				INFOPLIST_FILE = ViaCep/SupportingFiles/Info.plist;
				INFOPLIST_KEY_UIApplicationSupportsIndirectInputEvents = YES;
				INFOPLIST_KEY_UILaunchStoryboardName = LaunchScreen;
				INFOPLIST_KEY_UIMainStoryboardFile = "";
				INFOPLIST_KEY_UISupportedInterfaceOrientations_iPad = "UIInterfaceOrientationPortrait UIInterfaceOrientationPortraitUpsideDown UIInterfaceOrientationLandscapeLeft UIInterfaceOrientationLandscapeRight";
				INFOPLIST_KEY_UISupportedInterfaceOrientations_iPhone = "UIInterfaceOrientationPortrait UIInterfaceOrientationLandscapeLeft UIInterfaceOrientationLandscapeRight";
				IPHONEOS_DEPLOYMENT_TARGET = 16.4;
				LD_RUNPATH_SEARCH_PATHS = (
					"$(inherited)",
					"@executable_path/Frameworks",
				);
				MARKETING_VERSION = 1.0;
				PRODUCT_BUNDLE_IDENTIFIER = com.thiagomonteiro.ViaCep;
				PRODUCT_NAME = "$(TARGET_NAME)";
				PROVISIONING_PROFILE_SPECIFIER = "";
				SUPPORTED_PLATFORMS = "iphoneos iphonesimulator";
				SUPPORTS_MACCATALYST = NO;
				SUPPORTS_MAC_DESIGNED_FOR_IPHONE_IPAD = NO;
				SUPPORTS_XR_DESIGNED_FOR_IPHONE_IPAD = NO;
				SWIFT_EMIT_LOC_STRINGS = YES;
				SWIFT_VERSION = 5.0;
				TARGETED_DEVICE_FAMILY = 1;
			};
			name = Debug;
		};
		AA7B05972A7292F500A5CECE /* Release */ = {
			isa = XCBuildConfiguration;
			baseConfigurationReference = 2DE833A5FF0F90DC279BFBA6 /* Pods-ViaCep.release.xcconfig */;
			buildSettings = {
				ASSETCATALOG_COMPILER_APPICON_NAME = AppIcon;
				ASSETCATALOG_COMPILER_GLOBAL_ACCENT_COLOR_NAME = AccentColor;
				CODE_SIGN_IDENTITY = "Apple Development";
				CODE_SIGN_STYLE = Automatic;
				CURRENT_PROJECT_VERSION = 1;
				DEVELOPMENT_TEAM = "";
				GENERATE_INFOPLIST_FILE = YES;
				INFOPLIST_FILE = ViaCep/SupportingFiles/Info.plist;
				INFOPLIST_KEY_UIApplicationSupportsIndirectInputEvents = YES;
				INFOPLIST_KEY_UILaunchStoryboardName = LaunchScreen;
				INFOPLIST_KEY_UIMainStoryboardFile = "";
				INFOPLIST_KEY_UISupportedInterfaceOrientations_iPad = "UIInterfaceOrientationPortrait UIInterfaceOrientationPortraitUpsideDown UIInterfaceOrientationLandscapeLeft UIInterfaceOrientationLandscapeRight";
				INFOPLIST_KEY_UISupportedInterfaceOrientations_iPhone = "UIInterfaceOrientationPortrait UIInterfaceOrientationLandscapeLeft UIInterfaceOrientationLandscapeRight";
				IPHONEOS_DEPLOYMENT_TARGET = 16.4;
				LD_RUNPATH_SEARCH_PATHS = (
					"$(inherited)",
					"@executable_path/Frameworks",
				);
				MARKETING_VERSION = 1.0;
				PRODUCT_BUNDLE_IDENTIFIER = com.thiagomonteiro.ViaCep;
				PRODUCT_NAME = "$(TARGET_NAME)";
				PROVISIONING_PROFILE_SPECIFIER = "";
				SUPPORTED_PLATFORMS = "iphoneos iphonesimulator";
				SUPPORTS_MACCATALYST = NO;
				SUPPORTS_MAC_DESIGNED_FOR_IPHONE_IPAD = NO;
				SUPPORTS_XR_DESIGNED_FOR_IPHONE_IPAD = NO;
				SWIFT_EMIT_LOC_STRINGS = YES;
				SWIFT_VERSION = 5.0;
				TARGETED_DEVICE_FAMILY = 1;
			};
			name = Release;
		};
		AA7B05CF2A72C39000A5CECE /* Debug */ = {
			isa = XCBuildConfiguration;
			baseConfigurationReference = A275710F298237CC13492090 /* Pods-ViaCepTests.debug.xcconfig */;
			buildSettings = {
				BUNDLE_LOADER = "$(TEST_HOST)";
				CLANG_ENABLE_MODULES = YES;
				CODE_SIGN_STYLE = Manual;
				CURRENT_PROJECT_VERSION = 1;
				DEVELOPMENT_TEAM = "";
				ENABLE_USER_SCRIPT_SANDBOXING = NO;
				GENERATE_INFOPLIST_FILE = YES;
				IPHONEOS_DEPLOYMENT_TARGET = 17.2;
				MARKETING_VERSION = 1.0;
				PRODUCT_BUNDLE_IDENTIFIER = com.thiagomonteiro.ViaCepTests;
				PRODUCT_NAME = "$(TARGET_NAME)";
				PROVISIONING_PROFILE_SPECIFIER = "";
				SUPPORTED_PLATFORMS = "iphoneos iphonesimulator";
				SUPPORTS_MACCATALYST = NO;
				SUPPORTS_MAC_DESIGNED_FOR_IPHONE_IPAD = NO;
				SUPPORTS_XR_DESIGNED_FOR_IPHONE_IPAD = NO;
				SWIFT_EMIT_LOC_STRINGS = NO;
				SWIFT_OPTIMIZATION_LEVEL = "-Onone";
				SWIFT_VERSION = 5.0;
				TARGETED_DEVICE_FAMILY = 1;
				TEST_HOST = "$(BUILT_PRODUCTS_DIR)/ViaCep.app/$(BUNDLE_EXECUTABLE_FOLDER_PATH)/ViaCep";
			};
			name = Debug;
		};
		AA7B05D02A72C39000A5CECE /* Release */ = {
			isa = XCBuildConfiguration;
			baseConfigurationReference = 80E28FCAAFB5CE5CF292C381 /* Pods-ViaCepTests.release.xcconfig */;
			buildSettings = {
				BUNDLE_LOADER = "$(TEST_HOST)";
				CLANG_ENABLE_MODULES = YES;
				CODE_SIGN_STYLE = Manual;
				CURRENT_PROJECT_VERSION = 1;
				DEVELOPMENT_TEAM = "";
				ENABLE_USER_SCRIPT_SANDBOXING = NO;
				GENERATE_INFOPLIST_FILE = YES;
				IPHONEOS_DEPLOYMENT_TARGET = 17.2;
				MARKETING_VERSION = 1.0;
				PRODUCT_BUNDLE_IDENTIFIER = com.thiagomonteiro.ViaCepTests;
				PRODUCT_NAME = "$(TARGET_NAME)";
				PROVISIONING_PROFILE_SPECIFIER = "";
				SUPPORTED_PLATFORMS = "iphoneos iphonesimulator";
				SUPPORTS_MACCATALYST = NO;
				SUPPORTS_MAC_DESIGNED_FOR_IPHONE_IPAD = NO;
				SUPPORTS_XR_DESIGNED_FOR_IPHONE_IPAD = NO;
				SWIFT_EMIT_LOC_STRINGS = NO;
				SWIFT_VERSION = 5.0;
				TARGETED_DEVICE_FAMILY = 1;
				TEST_HOST = "$(BUILT_PRODUCTS_DIR)/ViaCep.app/$(BUNDLE_EXECUTABLE_FOLDER_PATH)/ViaCep";
			};
			name = Release;
		};
/* End XCBuildConfiguration section */

/* Begin XCConfigurationList section */
		AA7B057C2A7292F300A5CECE /* Build configuration list for PBXProject "ViaCep" */ = {
			isa = XCConfigurationList;
			buildConfigurations = (
				AA7B05932A7292F500A5CECE /* Debug */,
				AA7B05942A7292F500A5CECE /* Release */,
			);
			defaultConfigurationIsVisible = 0;
			defaultConfigurationName = Release;
		};
		AA7B05952A7292F500A5CECE /* Build configuration list for PBXNativeTarget "ViaCep" */ = {
			isa = XCConfigurationList;
			buildConfigurations = (
				AA7B05962A7292F500A5CECE /* Debug */,
				AA7B05972A7292F500A5CECE /* Release */,
			);
			defaultConfigurationIsVisible = 0;
			defaultConfigurationName = Release;
		};
		AA7B05CE2A72C39000A5CECE /* Build configuration list for PBXNativeTarget "ViaCepTests" */ = {
			isa = XCConfigurationList;
			buildConfigurations = (
				AA7B05CF2A72C39000A5CECE /* Debug */,
				AA7B05D02A72C39000A5CECE /* Release */,
			);
			defaultConfigurationIsVisible = 0;
			defaultConfigurationName = Release;
		};
/* End XCConfigurationList section */
	};
	rootObject = AA7B05792A7292F300A5CECE /* Project object */;
}
